// !$*UTF8*$!
{
	archiveVersion = 1;
	classes = {
	};
	objectVersion = 50;
	objects = {

/* Begin PBXBuildFile section */
		095F28B74827EFA79BC6645F /* Pods_SoHow.framework in Frameworks */ = {isa = PBXBuildFile; fileRef = 0BDAB1F9C6DF3317DB77E5A4 /* Pods_SoHow.framework */; };
		D601A8D72223C00300C46021 /* XYZVolumizer.swift in Sources */ = {isa = PBXBuildFile; fileRef = D601A8D62223C00300C46021 /* XYZVolumizer.swift */; };
		D62AFBE3217726890013974F /* AppDelegate.swift in Sources */ = {isa = PBXBuildFile; fileRef = D62AFBE2217726890013974F /* AppDelegate.swift */; };
		D62AFBE5217726890013974F /* ViewController.swift in Sources */ = {isa = PBXBuildFile; fileRef = D62AFBE4217726890013974F /* ViewController.swift */; };
		D62AFBE8217726890013974F /* Main.storyboard in Resources */ = {isa = PBXBuildFile; fileRef = D62AFBE6217726890013974F /* Main.storyboard */; };
		D62AFBEA2177268A0013974F /* Assets.xcassets in Resources */ = {isa = PBXBuildFile; fileRef = D62AFBE92177268A0013974F /* Assets.xcassets */; };
		D62AFBED2177268A0013974F /* LaunchScreen.storyboard in Resources */ = {isa = PBXBuildFile; fileRef = D62AFBEB2177268A0013974F /* LaunchScreen.storyboard */; };
		D62AFBFA217726EB0013974F /* YSZoomView.swift in Sources */ = {isa = PBXBuildFile; fileRef = D62AFBF4217726E90013974F /* YSZoomView.swift */; };
		D62AFBFB217726EB0013974F /* ImageHelper.swift in Sources */ = {isa = PBXBuildFile; fileRef = D62AFBF5217726EA0013974F /* ImageHelper.swift */; };
		D62AFBFC217726EB0013974F /* BriefFunctionSwift.swift in Sources */ = {isa = PBXBuildFile; fileRef = D62AFBF6217726EA0013974F /* BriefFunctionSwift.swift */; };
		D62AFBFE217726EB0013974F /* BriefActionAlert.swift in Sources */ = {isa = PBXBuildFile; fileRef = D62AFBF8217726EA0013974F /* BriefActionAlert.swift */; };
		D62AFBFF217726EB0013974F /* ImageVIewExtension.swift in Sources */ = {isa = PBXBuildFile; fileRef = D62AFBF9217726EB0013974F /* ImageVIewExtension.swift */; };
		D62AFC03217726F50013974F /* README.md in Resources */ = {isa = PBXBuildFile; fileRef = D62AFC00217726F50013974F /* README.md */; };
		D62AFC04217726F50013974F /* SoHow.podspec in Resources */ = {isa = PBXBuildFile; fileRef = D62AFC01217726F50013974F /* SoHow.podspec */; };
		D62AFC05217726F50013974F /* LICENSE in Resources */ = {isa = PBXBuildFile; fileRef = D62AFC02217726F50013974F /* LICENSE */; };
		D630AD0C2225FAA0004F91E3 /* XYZHUD.swift in Sources */ = {isa = PBXBuildFile; fileRef = D630AD0B2225FA9F004F91E3 /* XYZHUD.swift */; };
		D63BFFBF21B1310600422BFD /* UITableView+RealmChanges.swift in Sources */ = {isa = PBXBuildFile; fileRef = D63BFFBE21B1310600422BFD /* UITableView+RealmChanges.swift */; };
		D653F36B21F6F30E00E6A990 /* XYZJump.swift in Sources */ = {isa = PBXBuildFile; fileRef = D653F36A21F6F30E00E6A990 /* XYZJump.swift */; };
		D653F36D21F70C1A00E6A990 /* UIDevice_Extension.swift in Sources */ = {isa = PBXBuildFile; fileRef = D653F36C21F70C1A00E6A990 /* UIDevice_Extension.swift */; };
		D653F36F21F711A200E6A990 /* XYZGCD.swift in Sources */ = {isa = PBXBuildFile; fileRef = D653F36E21F711A200E6A990 /* XYZGCD.swift */; };
		D653F37521F7175D00E6A990 /* XYZImage.swift in Sources */ = {isa = PBXBuildFile; fileRef = D653F37421F7175D00E6A990 /* XYZImage.swift */; };
		D6D6455F2238888600A9BD1A /* XYZNumberAndString.swift in Sources */ = {isa = PBXBuildFile; fileRef = D6D6455E2238888600A9BD1A /* XYZNumberAndString.swift */; };
		D6D6456122388A8100A9BD1A /* XYZArrayAndDic.swift in Sources */ = {isa = PBXBuildFile; fileRef = D6D6456022388A8100A9BD1A /* XYZArrayAndDic.swift */; };
		D6D6456322388AAB00A9BD1A /* XYZWeb.swift in Sources */ = {isa = PBXBuildFile; fileRef = D6D6456222388AAB00A9BD1A /* XYZWeb.swift */; };
		D6D6456722388BB200A9BD1A /* XYZSpeech.swift in Sources */ = {isa = PBXBuildFile; fileRef = D6D6456622388BB200A9BD1A /* XYZSpeech.swift */; };
/* End PBXBuildFile section */

/* Begin PBXFileReference section */
		0BDAB1F9C6DF3317DB77E5A4 /* Pods_SoHow.framework */ = {isa = PBXFileReference; explicitFileType = wrapper.framework; includeInIndex = 0; path = Pods_SoHow.framework; sourceTree = BUILT_PRODUCTS_DIR; };
		D601A8D62223C00300C46021 /* XYZVolumizer.swift */ = {isa = PBXFileReference; lastKnownFileType = sourcecode.swift; path = XYZVolumizer.swift; sourceTree = "<group>"; };
		D62AFBDF217726890013974F /* SoHow.app */ = {isa = PBXFileReference; explicitFileType = wrapper.application; includeInIndex = 0; path = SoHow.app; sourceTree = BUILT_PRODUCTS_DIR; };
		D62AFBE2217726890013974F /* AppDelegate.swift */ = {isa = PBXFileReference; lastKnownFileType = sourcecode.swift; path = AppDelegate.swift; sourceTree = "<group>"; };
		D62AFBE4217726890013974F /* ViewController.swift */ = {isa = PBXFileReference; lastKnownFileType = sourcecode.swift; path = ViewController.swift; sourceTree = "<group>"; };
		D62AFBE7217726890013974F /* Base */ = {isa = PBXFileReference; lastKnownFileType = file.storyboard; name = Base; path = Base.lproj/Main.storyboard; sourceTree = "<group>"; };
		D62AFBE92177268A0013974F /* Assets.xcassets */ = {isa = PBXFileReference; lastKnownFileType = folder.assetcatalog; path = Assets.xcassets; sourceTree = "<group>"; };
		D62AFBEC2177268A0013974F /* Base */ = {isa = PBXFileReference; lastKnownFileType = file.storyboard; name = Base; path = Base.lproj/LaunchScreen.storyboard; sourceTree = "<group>"; };
		D62AFBEE2177268A0013974F /* SoHow-Info.plist */ = {isa = PBXFileReference; lastKnownFileType = text.plist.xml; path = "SoHow-Info.plist"; sourceTree = "<group>"; };
		D62AFBF4217726E90013974F /* YSZoomView.swift */ = {isa = PBXFileReference; fileEncoding = 4; lastKnownFileType = sourcecode.swift; path = YSZoomView.swift; sourceTree = "<group>"; };
		D62AFBF5217726EA0013974F /* ImageHelper.swift */ = {isa = PBXFileReference; fileEncoding = 4; lastKnownFileType = sourcecode.swift; path = ImageHelper.swift; sourceTree = "<group>"; };
		D62AFBF6217726EA0013974F /* BriefFunctionSwift.swift */ = {isa = PBXFileReference; fileEncoding = 4; lastKnownFileType = sourcecode.swift; path = BriefFunctionSwift.swift; sourceTree = "<group>"; };
		D62AFBF8217726EA0013974F /* BriefActionAlert.swift */ = {isa = PBXFileReference; fileEncoding = 4; lastKnownFileType = sourcecode.swift; path = BriefActionAlert.swift; sourceTree = "<group>"; };
		D62AFBF9217726EB0013974F /* ImageVIewExtension.swift */ = {isa = PBXFileReference; fileEncoding = 4; lastKnownFileType = sourcecode.swift; path = ImageVIewExtension.swift; sourceTree = "<group>"; };
		D62AFC00217726F50013974F /* README.md */ = {isa = PBXFileReference; fileEncoding = 4; lastKnownFileType = net.daringfireball.markdown; path = README.md; sourceTree = "<group>"; };
		D62AFC01217726F50013974F /* SoHow.podspec */ = {isa = PBXFileReference; fileEncoding = 4; lastKnownFileType = text; path = SoHow.podspec; sourceTree = "<group>"; };
		D62AFC02217726F50013974F /* LICENSE */ = {isa = PBXFileReference; fileEncoding = 4; lastKnownFileType = text; path = LICENSE; sourceTree = "<group>"; };
		D630AD0B2225FA9F004F91E3 /* XYZHUD.swift */ = {isa = PBXFileReference; fileEncoding = 4; lastKnownFileType = sourcecode.swift; path = XYZHUD.swift; sourceTree = "<group>"; };
		D63BFFBE21B1310600422BFD /* UITableView+RealmChanges.swift */ = {isa = PBXFileReference; fileEncoding = 4; lastKnownFileType = sourcecode.swift; path = "UITableView+RealmChanges.swift"; sourceTree = "<group>"; };
		D653F36A21F6F30E00E6A990 /* XYZJump.swift */ = {isa = PBXFileReference; lastKnownFileType = sourcecode.swift; path = XYZJump.swift; sourceTree = "<group>"; };
		D653F36C21F70C1A00E6A990 /* UIDevice_Extension.swift */ = {isa = PBXFileReference; lastKnownFileType = sourcecode.swift; path = UIDevice_Extension.swift; sourceTree = "<group>"; };
		D653F36E21F711A200E6A990 /* XYZGCD.swift */ = {isa = PBXFileReference; lastKnownFileType = sourcecode.swift; path = XYZGCD.swift; sourceTree = "<group>"; };
		D653F37421F7175D00E6A990 /* XYZImage.swift */ = {isa = PBXFileReference; lastKnownFileType = sourcecode.swift; path = XYZImage.swift; sourceTree = "<group>"; };
		D6D6455E2238888600A9BD1A /* XYZNumberAndString.swift */ = {isa = PBXFileReference; lastKnownFileType = sourcecode.swift; path = XYZNumberAndString.swift; sourceTree = "<group>"; };
		D6D6456022388A8100A9BD1A /* XYZArrayAndDic.swift */ = {isa = PBXFileReference; lastKnownFileType = sourcecode.swift; path = XYZArrayAndDic.swift; sourceTree = "<group>"; };
		D6D6456222388AAB00A9BD1A /* XYZWeb.swift */ = {isa = PBXFileReference; lastKnownFileType = sourcecode.swift; path = XYZWeb.swift; sourceTree = "<group>"; };
		D6D6456622388BB200A9BD1A /* XYZSpeech.swift */ = {isa = PBXFileReference; lastKnownFileType = sourcecode.swift; path = XYZSpeech.swift; sourceTree = "<group>"; };
		F93CCFDDAEC53230090D7990 /* Pods-SoHow.release.xcconfig */ = {isa = PBXFileReference; includeInIndex = 1; lastKnownFileType = text.xcconfig; name = "Pods-SoHow.release.xcconfig"; path = "Target Support Files/Pods-SoHow/Pods-SoHow.release.xcconfig"; sourceTree = "<group>"; };
		FC9E0A033FE4C6047F76B9C3 /* Pods-SoHow.debug.xcconfig */ = {isa = PBXFileReference; includeInIndex = 1; lastKnownFileType = text.xcconfig; name = "Pods-SoHow.debug.xcconfig"; path = "Target Support Files/Pods-SoHow/Pods-SoHow.debug.xcconfig"; sourceTree = "<group>"; };
/* End PBXFileReference section */

/* Begin PBXFrameworksBuildPhase section */
		D62AFBDC217726890013974F /* Frameworks */ = {
			isa = PBXFrameworksBuildPhase;
			buildActionMask = 2147483647;
			files = (
				095F28B74827EFA79BC6645F /* Pods_SoHow.framework in Frameworks */,
			);
			runOnlyForDeploymentPostprocessing = 0;
		};
/* End PBXFrameworksBuildPhase section */

/* Begin PBXGroup section */
		4B39EA3038FAED6E2D716138 /* Frameworks */ = {
			isa = PBXGroup;
			children = (
				0BDAB1F9C6DF3317DB77E5A4 /* Pods_SoHow.framework */,
			);
			name = Frameworks;
			sourceTree = "<group>";
		};
		ADF70A23CBFEDB02E0067911 /* Pods */ = {
			isa = PBXGroup;
			children = (
				FC9E0A033FE4C6047F76B9C3 /* Pods-SoHow.debug.xcconfig */,
				F93CCFDDAEC53230090D7990 /* Pods-SoHow.release.xcconfig */,
			);
			path = Pods;
			sourceTree = "<group>";
		};
		D62AFBD6217726890013974F = {
			isa = PBXGroup;
			children = (
				D62AFC02217726F50013974F /* LICENSE */,
				D62AFC00217726F50013974F /* README.md */,
				D62AFC01217726F50013974F /* SoHow.podspec */,
				D62AFBE1217726890013974F /* SoHow */,
				D62AFBE0217726890013974F /* Products */,
				ADF70A23CBFEDB02E0067911 /* Pods */,
				4B39EA3038FAED6E2D716138 /* Frameworks */,
			);
			sourceTree = "<group>";
		};
		D62AFBE0217726890013974F /* Products */ = {
			isa = PBXGroup;
			children = (
				D62AFBDF217726890013974F /* SoHow.app */,
			);
			name = Products;
			sourceTree = "<group>";
		};
		D62AFBE1217726890013974F /* SoHow */ = {
			isa = PBXGroup;
			children = (
				D62AFBE2217726890013974F /* AppDelegate.swift */,
				D62AFBE4217726890013974F /* ViewController.swift */,
				D6B63DEF21C7E7590087B44D /* Source */,
				D62AFBE6217726890013974F /* Main.storyboard */,
				D62AFBE92177268A0013974F /* Assets.xcassets */,
				D62AFBEB2177268A0013974F /* LaunchScreen.storyboard */,
				D62AFBEE2177268A0013974F /* SoHow-Info.plist */,
			);
			path = SoHow;
			sourceTree = "<group>";
		};
		D6B63DEF21C7E7590087B44D /* Source */ = {
			isa = PBXGroup;
			children = (
				D630AD0B2225FA9F004F91E3 /* XYZHUD.swift */,
				D653F36C21F70C1A00E6A990 /* UIDevice_Extension.swift */,
				D653F36A21F6F30E00E6A990 /* XYZJump.swift */,
				D653F36E21F711A200E6A990 /* XYZGCD.swift */,
				D653F37421F7175D00E6A990 /* XYZImage.swift */,
				D62AFBF6217726EA0013974F /* BriefFunctionSwift.swift */,
				D62AFBF8217726EA0013974F /* BriefActionAlert.swift */,
				D63BFFBE21B1310600422BFD /* UITableView+RealmChanges.swift */,
				D62AFBF4217726E90013974F /* YSZoomView.swift */,
				D62AFBF5217726EA0013974F /* ImageHelper.swift */,
				D62AFBF9217726EB0013974F /* ImageVIewExtension.swift */,
				D601A8D62223C00300C46021 /* XYZVolumizer.swift */,
				D6D6455E2238888600A9BD1A /* XYZNumberAndString.swift */,
				D6D6456022388A8100A9BD1A /* XYZArrayAndDic.swift */,
				D6D6456222388AAB00A9BD1A /* XYZWeb.swift */,
				D6D6456622388BB200A9BD1A /* XYZSpeech.swift */,
			);
			path = Source;
			sourceTree = "<group>";
		};
/* End PBXGroup section */

/* Begin PBXNativeTarget section */
		D62AFBDE217726890013974F /* SoHow */ = {
			isa = PBXNativeTarget;
			buildConfigurationList = D62AFBF12177268A0013974F /* Build configuration list for PBXNativeTarget "SoHow" */;
			buildPhases = (
				05DD95B18EA4CC48429A28AA /* [CP] Check Pods Manifest.lock */,
				D62AFBDB217726890013974F /* Sources */,
				D62AFBDC217726890013974F /* Frameworks */,
				D62AFBDD217726890013974F /* Resources */,
				C1005EAED38B7F9B9A987A78 /* [CP] Embed Pods Frameworks */,
			);
			buildRules = (
			);
			dependencies = (
			);
			name = SoHow;
			productName = SoHow;
			productReference = D62AFBDF217726890013974F /* SoHow.app */;
			productType = "com.apple.product-type.application";
		};
/* End PBXNativeTarget section */

/* Begin PBXProject section */
		D62AFBD7217726890013974F /* Project object */ = {
			isa = PBXProject;
			attributes = {
				LastSwiftUpdateCheck = 1000;
				LastUpgradeCheck = 1000;
				ORGANIZATIONNAME = "张子豪";
				TargetAttributes = {
					D62AFBDE217726890013974F = {
						CreatedOnToolsVersion = 10.0;
					};
				};
			};
			buildConfigurationList = D62AFBDA217726890013974F /* Build configuration list for PBXProject "SoHow" */;
			compatibilityVersion = "Xcode 9.3";
			developmentRegion = en;
			hasScannedForEncodings = 0;
			knownRegions = (
				en,
				Base,
			);
			mainGroup = D62AFBD6217726890013974F;
			productRefGroup = D62AFBE0217726890013974F /* Products */;
			projectDirPath = "";
			projectRoot = "";
			targets = (
				D62AFBDE217726890013974F /* SoHow */,
			);
		};
/* End PBXProject section */

/* Begin PBXResourcesBuildPhase section */
		D62AFBDD217726890013974F /* Resources */ = {
			isa = PBXResourcesBuildPhase;
			buildActionMask = 2147483647;
			files = (
				D62AFC05217726F50013974F /* LICENSE in Resources */,
				D62AFBED2177268A0013974F /* LaunchScreen.storyboard in Resources */,
				D62AFBEA2177268A0013974F /* Assets.xcassets in Resources */,
				D62AFC04217726F50013974F /* SoHow.podspec in Resources */,
				D62AFC03217726F50013974F /* README.md in Resources */,
				D62AFBE8217726890013974F /* Main.storyboard in Resources */,
			);
			runOnlyForDeploymentPostprocessing = 0;
		};
/* End PBXResourcesBuildPhase section */

/* Begin PBXShellScriptBuildPhase section */
		05DD95B18EA4CC48429A28AA /* [CP] Check Pods Manifest.lock */ = {
			isa = PBXShellScriptBuildPhase;
			buildActionMask = 2147483647;
			files = (
			);
			inputFileListPaths = (
			);
			inputPaths = (
				"${PODS_PODFILE_DIR_PATH}/Podfile.lock",
				"${PODS_ROOT}/Manifest.lock",
			);
			name = "[CP] Check Pods Manifest.lock";
			outputFileListPaths = (
			);
			outputPaths = (
				"$(DERIVED_FILE_DIR)/Pods-SoHow-checkManifestLockResult.txt",
			);
			runOnlyForDeploymentPostprocessing = 0;
			shellPath = /bin/sh;
			shellScript = "diff \"${PODS_PODFILE_DIR_PATH}/Podfile.lock\" \"${PODS_ROOT}/Manifest.lock\" > /dev/null\nif [ $? != 0 ] ; then\n    # print error to STDERR\n    echo \"error: The sandbox is not in sync with the Podfile.lock. Run 'pod install' or update your CocoaPods installation.\" >&2\n    exit 1\nfi\n# This output is used by Xcode 'outputs' to avoid re-running this script phase.\necho \"SUCCESS\" > \"${SCRIPT_OUTPUT_FILE_0}\"\n";
			showEnvVarsInLog = 0;
		};
		C1005EAED38B7F9B9A987A78 /* [CP] Embed Pods Frameworks */ = {
			isa = PBXShellScriptBuildPhase;
			buildActionMask = 2147483647;
			files = (
			);
			inputFileListPaths = (
			);
			inputPaths = (
				"${PODS_ROOT}/Target Support Files/Pods-SoHow/Pods-SoHow-frameworks.sh",
				"${BUILT_PRODUCTS_DIR}/MBProgressHUD/MBProgressHUD.framework",
			);
			name = "[CP] Embed Pods Frameworks";
			outputFileListPaths = (
			);
			outputPaths = (
				"${TARGET_BUILD_DIR}/${FRAMEWORKS_FOLDER_PATH}/MBProgressHUD.framework",
			);
			runOnlyForDeploymentPostprocessing = 0;
			shellPath = /bin/sh;
			shellScript = "\"${PODS_ROOT}/Target Support Files/Pods-SoHow/Pods-SoHow-frameworks.sh\"\n";
			showEnvVarsInLog = 0;
		};
/* End PBXShellScriptBuildPhase section */

/* Begin PBXSourcesBuildPhase section */
		D62AFBDB217726890013974F /* Sources */ = {
			isa = PBXSourcesBuildPhase;
			buildActionMask = 2147483647;
			files = (
				D653F36F21F711A200E6A990 /* XYZGCD.swift in Sources */,
				D6D6456322388AAB00A9BD1A /* XYZWeb.swift in Sources */,
				D601A8D72223C00300C46021 /* XYZVolumizer.swift in Sources */,
				D653F36D21F70C1A00E6A990 /* UIDevice_Extension.swift in Sources */,
				D6D6456122388A8100A9BD1A /* XYZArrayAndDic.swift in Sources */,
				D6D6455F2238888600A9BD1A /* XYZNumberAndString.swift in Sources */,
				D62AFBFE217726EB0013974F /* BriefActionAlert.swift in Sources */,
				D62AFBFA217726EB0013974F /* YSZoomView.swift in Sources */,
				D62AFBE5217726890013974F /* ViewController.swift in Sources */,
				D653F37521F7175D00E6A990 /* XYZImage.swift in Sources */,
				D63BFFBF21B1310600422BFD /* UITableView+RealmChanges.swift in Sources */,
				D653F36B21F6F30E00E6A990 /* XYZJump.swift in Sources */,
				D62AFBE3217726890013974F /* AppDelegate.swift in Sources */,
				D6D6456722388BB200A9BD1A /* XYZSpeech.swift in Sources */,
				D62AFBFB217726EB0013974F /* ImageHelper.swift in Sources */,
				D62AFBFF217726EB0013974F /* ImageVIewExtension.swift in Sources */,
				D62AFBFC217726EB0013974F /* BriefFunctionSwift.swift in Sources */,
				D630AD0C2225FAA0004F91E3 /* XYZHUD.swift in Sources */,
			);
			runOnlyForDeploymentPostprocessing = 0;
		};
/* End PBXSourcesBuildPhase section */

/* Begin PBXVariantGroup section */
		D62AFBE6217726890013974F /* Main.storyboard */ = {
			isa = PBXVariantGroup;
			children = (
				D62AFBE7217726890013974F /* Base */,
			);
			name = Main.storyboard;
			sourceTree = "<group>";
		};
		D62AFBEB2177268A0013974F /* LaunchScreen.storyboard */ = {
			isa = PBXVariantGroup;
			children = (
				D62AFBEC2177268A0013974F /* Base */,
			);
			name = LaunchScreen.storyboard;
			sourceTree = "<group>";
		};
/* End PBXVariantGroup section */

/* Begin XCBuildConfiguration section */
		D62AFBEF2177268A0013974F /* Debug */ = {
			isa = XCBuildConfiguration;
			buildSettings = {
				ALWAYS_SEARCH_USER_PATHS = NO;
				CLANG_ANALYZER_NONNULL = YES;
				CLANG_ANALYZER_NUMBER_OBJECT_CONVERSION = YES_AGGRESSIVE;
				CLANG_CXX_LANGUAGE_STANDARD = "gnu++14";
				CLANG_CXX_LIBRARY = "libc++";
				CLANG_ENABLE_MODULES = YES;
				CLANG_ENABLE_OBJC_ARC = YES;
				CLANG_ENABLE_OBJC_WEAK = YES;
				CLANG_WARN_BLOCK_CAPTURE_AUTORELEASING = YES;
				CLANG_WARN_BOOL_CONVERSION = YES;
				CLANG_WARN_COMMA = YES;
				CLANG_WARN_CONSTANT_CONVERSION = YES;
				CLANG_WARN_DEPRECATED_OBJC_IMPLEMENTATIONS = YES;
				CLANG_WARN_DIRECT_OBJC_ISA_USAGE = YES_ERROR;
				CLANG_WARN_DOCUMENTATION_COMMENTS = YES;
				CLANG_WARN_EMPTY_BODY = YES;
				CLANG_WARN_ENUM_CONVERSION = YES;
				CLANG_WARN_INFINITE_RECURSION = YES;
				CLANG_WARN_INT_CONVERSION = YES;
				CLANG_WARN_NON_LITERAL_NULL_CONVERSION = YES;
				CLANG_WARN_OBJC_IMPLICIT_RETAIN_SELF = YES;
				CLANG_WARN_OBJC_LITERAL_CONVERSION = YES;
				CLANG_WARN_OBJC_ROOT_CLASS = YES_ERROR;
				CLANG_WARN_RANGE_LOOP_ANALYSIS = YES;
				CLANG_WARN_STRICT_PROTOTYPES = YES;
				CLANG_WARN_SUSPICIOUS_MOVE = YES;
				CLANG_WARN_UNGUARDED_AVAILABILITY = YES_AGGRESSIVE;
				CLANG_WARN_UNREACHABLE_CODE = YES;
				CLANG_WARN__DUPLICATE_METHOD_MATCH = YES;
				CODE_SIGN_IDENTITY = "iPhone Developer";
				COPY_PHASE_STRIP = NO;
				DEBUG_INFORMATION_FORMAT = dwarf;
				ENABLE_STRICT_OBJC_MSGSEND = YES;
				ENABLE_TESTABILITY = YES;
				GCC_C_LANGUAGE_STANDARD = gnu11;
				GCC_DYNAMIC_NO_PIC = NO;
				GCC_NO_COMMON_BLOCKS = YES;
				GCC_OPTIMIZATION_LEVEL = 0;
				GCC_PREPROCESSOR_DEFINITIONS = (
					"DEBUG=1",
					"$(inherited)",
				);
				GCC_WARN_64_TO_32_BIT_CONVERSION = YES;
				GCC_WARN_ABOUT_RETURN_TYPE = YES_ERROR;
				GCC_WARN_UNDECLARED_SELECTOR = YES;
				GCC_WARN_UNINITIALIZED_AUTOS = YES_AGGRESSIVE;
				GCC_WARN_UNUSED_FUNCTION = YES;
				GCC_WARN_UNUSED_VARIABLE = YES;
				IPHONEOS_DEPLOYMENT_TARGET = 12.0;
				MTL_ENABLE_DEBUG_INFO = INCLUDE_SOURCE;
				MTL_FAST_MATH = YES;
				ONLY_ACTIVE_ARCH = YES;
				SDKROOT = iphoneos;
				SWIFT_ACTIVE_COMPILATION_CONDITIONS = DEBUG;
				SWIFT_OPTIMIZATION_LEVEL = "-Onone";
			};
			name = Debug;
		};
		D62AFBF02177268A0013974F /* Release */ = {
			isa = XCBuildConfiguration;
			buildSettings = {
				ALWAYS_SEARCH_USER_PATHS = NO;
				CLANG_ANALYZER_NONNULL = YES;
				CLANG_ANALYZER_NUMBER_OBJECT_CONVERSION = YES_AGGRESSIVE;
				CLANG_CXX_LANGUAGE_STANDARD = "gnu++14";
				CLANG_CXX_LIBRARY = "libc++";
				CLANG_ENABLE_MODULES = YES;
				CLANG_ENABLE_OBJC_ARC = YES;
				CLANG_ENABLE_OBJC_WEAK = YES;
				CLANG_WARN_BLOCK_CAPTURE_AUTORELEASING = YES;
				CLANG_WARN_BOOL_CONVERSION = YES;
				CLANG_WARN_COMMA = YES;
				CLANG_WARN_CONSTANT_CONVERSION = YES;
				CLANG_WARN_DEPRECATED_OBJC_IMPLEMENTATIONS = YES;
				CLANG_WARN_DIRECT_OBJC_ISA_USAGE = YES_ERROR;
				CLANG_WARN_DOCUMENTATION_COMMENTS = YES;
				CLANG_WARN_EMPTY_BODY = YES;
				CLANG_WARN_ENUM_CONVERSION = YES;
				CLANG_WARN_INFINITE_RECURSION = YES;
				CLANG_WARN_INT_CONVERSION = YES;
				CLANG_WARN_NON_LITERAL_NULL_CONVERSION = YES;
				CLANG_WARN_OBJC_IMPLICIT_RETAIN_SELF = YES;
				CLANG_WARN_OBJC_LITERAL_CONVERSION = YES;
				CLANG_WARN_OBJC_ROOT_CLASS = YES_ERROR;
				CLANG_WARN_RANGE_LOOP_ANALYSIS = YES;
				CLANG_WARN_STRICT_PROTOTYPES = YES;
				CLANG_WARN_SUSPICIOUS_MOVE = YES;
				CLANG_WARN_UNGUARDED_AVAILABILITY = YES_AGGRESSIVE;
				CLANG_WARN_UNREACHABLE_CODE = YES;
				CLANG_WARN__DUPLICATE_METHOD_MATCH = YES;
				CODE_SIGN_IDENTITY = "iPhone Developer";
				COPY_PHASE_STRIP = NO;
				DEBUG_INFORMATION_FORMAT = "dwarf-with-dsym";
				ENABLE_NS_ASSERTIONS = NO;
				ENABLE_STRICT_OBJC_MSGSEND = YES;
				GCC_C_LANGUAGE_STANDARD = gnu11;
				GCC_NO_COMMON_BLOCKS = YES;
				GCC_WARN_64_TO_32_BIT_CONVERSION = YES;
				GCC_WARN_ABOUT_RETURN_TYPE = YES_ERROR;
				GCC_WARN_UNDECLARED_SELECTOR = YES;
				GCC_WARN_UNINITIALIZED_AUTOS = YES_AGGRESSIVE;
				GCC_WARN_UNUSED_FUNCTION = YES;
				GCC_WARN_UNUSED_VARIABLE = YES;
				IPHONEOS_DEPLOYMENT_TARGET = 12.0;
				MTL_ENABLE_DEBUG_INFO = NO;
				MTL_FAST_MATH = YES;
				SDKROOT = iphoneos;
				SWIFT_COMPILATION_MODE = wholemodule;
				SWIFT_OPTIMIZATION_LEVEL = "-O";
				VALIDATE_PRODUCT = YES;
			};
			name = Release;
		};
		D62AFBF22177268A0013974F /* Debug */ = {
			isa = XCBuildConfiguration;
			baseConfigurationReference = FC9E0A033FE4C6047F76B9C3 /* Pods-SoHow.debug.xcconfig */;
			buildSettings = {
				ASSETCATALOG_COMPILER_APPICON_NAME = AppIcon;
				CODE_SIGN_STYLE = Automatic;
				DEVELOPMENT_TEAM = E5VG453CHM;
				INFOPLIST_FILE = "$(SRCROOT)/SoHow/SoHow-Info.plist";
				IPHONEOS_DEPLOYMENT_TARGET = 10.1;
				LD_RUNPATH_SEARCH_PATHS = (
					"$(inherited)",
					"@executable_path/Frameworks",
				);
				PRODUCT_BUNDLE_IDENTIFIER = com.zhangqian.SoHow;
				PRODUCT_NAME = "$(TARGET_NAME)";
				SWIFT_VERSION = 4.2;
				TARGETED_DEVICE_FAMILY = "1,2";
			};
			name = Debug;
		};
		D62AFBF32177268A0013974F /* Release */ = {
			isa = XCBuildConfiguration;
			baseConfigurationReference = F93CCFDDAEC53230090D7990 /* Pods-SoHow.release.xcconfig */;
			buildSettings = {
				ASSETCATALOG_COMPILER_APPICON_NAME = AppIcon;
				CODE_SIGN_STYLE = Automatic;
				DEVELOPMENT_TEAM = E5VG453CHM;
				INFOPLIST_FILE = "$(SRCROOT)/SoHow/SoHow-Info.plist";
				IPHONEOS_DEPLOYMENT_TARGET = 10.1;
				LD_RUNPATH_SEARCH_PATHS = (
					"$(inherited)",
					"@executable_path/Frameworks",
				);
				PRODUCT_BUNDLE_IDENTIFIER = com.zhangqian.SoHow;
				PRODUCT_NAME = "$(TARGET_NAME)";
				SWIFT_VERSION = 4.2;
				TARGETED_DEVICE_FAMILY = "1,2";
			};
			name = Release;
		};
/* End XCBuildConfiguration section */

/* Begin XCConfigurationList section */
		D62AFBDA217726890013974F /* Build configuration list for PBXProject "SoHow" */ = {
			isa = XCConfigurationList;
			buildConfigurations = (
				D62AFBEF2177268A0013974F /* Debug */,
				D62AFBF02177268A0013974F /* Release */,
			);
			defaultConfigurationIsVisible = 0;
			defaultConfigurationName = Release;
		};
		D62AFBF12177268A0013974F /* Build configuration list for PBXNativeTarget "SoHow" */ = {
			isa = XCConfigurationList;
			buildConfigurations = (
				D62AFBF22177268A0013974F /* Debug */,
				D62AFBF32177268A0013974F /* Release */,
			);
			defaultConfigurationIsVisible = 0;
			defaultConfigurationName = Release;
		};
/* End XCConfigurationList section */
	};
	rootObject = D62AFBD7217726890013974F /* Project object */;
}
