// !$*UTF8*$!
{
	archiveVersion = 1;
	classes = {
	};
	objectVersion = 50;
	objects = {

/* Begin PBXBuildFile section */
		095F28B74827EFA79BC6645F /* Pods_SoHow.framework in Frameworks */ = {isa = PBXBuildFile; fileRef = 0BDAB1F9C6DF3317DB77E5A4 /* Pods_SoHow.framework */; };
		D6116E8C230BC1D600962BCD /* WeakProxy.swift in Sources */ = {isa = PBXBuildFile; fileRef = D6116E8B230BC1D600962BCD /* WeakProxy.swift */; };
		D619756722F9D5BF00A97B53 /* XYZButton.swift in Sources */ = {isa = PBXBuildFile; fileRef = D619756622F9D5BF00A97B53 /* XYZButton.swift */; };
		D619756D22FA4D3200A97B53 /* XYZ3DTouch.swift in Sources */ = {isa = PBXBuildFile; fileRef = D619756C22FA4D3200A97B53 /* XYZ3DTouch.swift */; };
		D621EB8324EA698400E304A4 /* XYZPermission.swift in Sources */ = {isa = PBXBuildFile; fileRef = D621EB8224EA698400E304A4 /* XYZPermission.swift */; };
		D62AFBE3217726890013974F /* AppDelegate.swift in Sources */ = {isa = PBXBuildFile; fileRef = D62AFBE2217726890013974F /* AppDelegate.swift */; };
		D62AFBE5217726890013974F /* ViewController.swift in Sources */ = {isa = PBXBuildFile; fileRef = D62AFBE4217726890013974F /* ViewController.swift */; };
		D62AFBE8217726890013974F /* Main.storyboard in Resources */ = {isa = PBXBuildFile; fileRef = D62AFBE6217726890013974F /* Main.storyboard */; };
		D62AFBEA2177268A0013974F /* Assets.xcassets in Resources */ = {isa = PBXBuildFile; fileRef = D62AFBE92177268A0013974F /* Assets.xcassets */; };
		D62AFBED2177268A0013974F /* LaunchScreen.storyboard in Resources */ = {isa = PBXBuildFile; fileRef = D62AFBEB2177268A0013974F /* LaunchScreen.storyboard */; };
		D62AFBFA217726EB0013974F /* YSZoomView.swift in Sources */ = {isa = PBXBuildFile; fileRef = D62AFBF4217726E90013974F /* YSZoomView.swift */; };
		D62AFBFB217726EB0013974F /* XYZPath_UIImage_ImageHelper.swift in Sources */ = {isa = PBXBuildFile; fileRef = D62AFBF5217726EA0013974F /* XYZPath_UIImage_ImageHelper.swift */; };
		D62AFC03217726F50013974F /* README.md in Resources */ = {isa = PBXBuildFile; fileRef = D62AFC00217726F50013974F /* README.md */; };
		D62AFC04217726F50013974F /* SoHow.podspec in Resources */ = {isa = PBXBuildFile; fileRef = D62AFC01217726F50013974F /* SoHow.podspec */; };
		D62AFC05217726F50013974F /* LICENSE in Resources */ = {isa = PBXBuildFile; fileRef = D62AFC02217726F50013974F /* LICENSE */; };
		D63C5A2F22B3B09D0064C34E /* XYZAirPrint.swift in Sources */ = {isa = PBXBuildFile; fileRef = D63C5A2E22B3B09D0064C34E /* XYZAirPrint.swift */; };
		D653F36B21F6F30E00E6A990 /* XYZJump.swift in Sources */ = {isa = PBXBuildFile; fileRef = D653F36A21F6F30E00E6A990 /* XYZJump.swift */; };
		D653F36D21F70C1A00E6A990 /* UIDevice_Extension.swift in Sources */ = {isa = PBXBuildFile; fileRef = D653F36C21F70C1A00E6A990 /* UIDevice_Extension.swift */; };
		D653F36F21F711A200E6A990 /* XYZGCD.swift in Sources */ = {isa = PBXBuildFile; fileRef = D653F36E21F711A200E6A990 /* XYZGCD.swift */; };
		D653F37521F7175D00E6A990 /* XYZImageView.swift in Sources */ = {isa = PBXBuildFile; fileRef = D653F37421F7175D00E6A990 /* XYZImageView.swift */; };
		D658756E27FB1DF10095DEBE /* XYZString.swift in Sources */ = {isa = PBXBuildFile; fileRef = D658756D27FB1DF10095DEBE /* XYZString.swift */; };
		D658757027FB1E3E0095DEBE /* XYZActionSheet.swift in Sources */ = {isa = PBXBuildFile; fileRef = D658756F27FB1E3E0095DEBE /* XYZActionSheet.swift */; };
		D658757227FBC8240095DEBE /* XYZplayerHelper.swift in Sources */ = {isa = PBXBuildFile; fileRef = D658757127FBC8240095DEBE /* XYZplayerHelper.swift */; };
		D65D7F6622390CCD00FC316E /* XYZTableView.swift in Sources */ = {isa = PBXBuildFile; fileRef = D65D7F6522390CCD00FC316E /* XYZTableView.swift */; };
		D65D7F6E22390DE600FC316E /* XYZAlert.swift in Sources */ = {isa = PBXBuildFile; fileRef = D65D7F6D22390DE600FC316E /* XYZAlert.swift */; };
		D66A8C3A22A0960C00375126 /* XYZXib.swift in Sources */ = {isa = PBXBuildFile; fileRef = D66A8C3922A0960C00375126 /* XYZXib.swift */; };
		D6719CCE2751082F00994AFD /* XYZSegmentControl.swift in Sources */ = {isa = PBXBuildFile; fileRef = D6719CCD2751082F00994AFD /* XYZSegmentControl.swift */; };
		D6719CD02751088100994AFD /* XYZTextView.swift in Sources */ = {isa = PBXBuildFile; fileRef = D6719CCF2751088100994AFD /* XYZTextView.swift */; };
		D693A4FF23E7A9E000BB2031 /* XYZShadowKit.swift in Sources */ = {isa = PBXBuildFile; fileRef = D693A4FE23E7A9E000BB2031 /* XYZShadowKit.swift */; };
		D693A50423E7AA7100BB2031 /* XYZWebView.swift in Sources */ = {isa = PBXBuildFile; fileRef = D693A50323E7AA7100BB2031 /* XYZWebView.swift */; };
		D69407CE224C6F98009A2489 /* LearnX.swift in Sources */ = {isa = PBXBuildFile; fileRef = D69407CD224C6F98009A2489 /* LearnX.swift */; };
		D6947D4123A7B3C700EBDF12 /* XYZUILabel.swift in Sources */ = {isa = PBXBuildFile; fileRef = D6947D4023A7B3C700EBDF12 /* XYZUILabel.swift */; };
		D6947D4623A7B5E400EBDF12 /* XYZNotification.swift in Sources */ = {isa = PBXBuildFile; fileRef = D6947D4523A7B5E300EBDF12 /* XYZNotification.swift */; };
		D6947D4A23A7B61B00EBDF12 /* XYZTVCell.swift in Sources */ = {isa = PBXBuildFile; fileRef = D6947D4923A7B61B00EBDF12 /* XYZTVCell.swift */; };
		D69597332473BF1000856B24 /* XYZVCX_Extension.swift in Sources */ = {isa = PBXBuildFile; fileRef = D69597322473BF1000856B24 /* XYZVCX_Extension.swift */; };
		D69597372473C0F300856B24 /* XYZUIView.swift in Sources */ = {isa = PBXBuildFile; fileRef = D69597362473C0F200856B24 /* XYZUIView.swift */; };
		D695973C2473C19100856B24 /* DatePickerDialog.swift in Sources */ = {isa = PBXBuildFile; fileRef = D695973B2473C19100856B24 /* DatePickerDialog.swift */; };
		D695A165226EFBAA00871AAC /* XYZExample.swift in Sources */ = {isa = PBXBuildFile; fileRef = D695A164226EFBAA00871AAC /* XYZExample.swift */; };
		D6A02B3723E666ED00DEF883 /* XYZToCircle.swift in Sources */ = {isa = PBXBuildFile; fileRef = D6A02B3623E666ED00DEF883 /* XYZToCircle.swift */; };
		D6A1D3282282CBB7000F6C96 /* XYZLearn.swift in Sources */ = {isa = PBXBuildFile; fileRef = D6A1D3272282CBB7000F6C96 /* XYZLearn.swift */; };
		D6B5AB742239138E00E01695 /* XYZPodX.swift in Sources */ = {isa = PBXBuildFile; fileRef = D6B5AB732239138E00E01695 /* XYZPodX.swift */; };
		D6BAA79928090453003D894B /* XYZUIImage.swift in Sources */ = {isa = PBXBuildFile; fileRef = D6BAA79828090453003D894B /* XYZUIImage.swift */; };
		D6BAA79B28090699003D894B /* XYZFileType.swift in Sources */ = {isa = PBXBuildFile; fileRef = D6BAA79A28090699003D894B /* XYZFileType.swift */; };
		D6C863732768BAB4008095FB /* XYZButton_BadgeBarButtonItem.swift in Sources */ = {isa = PBXBuildFile; fileRef = D6C863712768BAB3008095FB /* XYZButton_BadgeBarButtonItem.swift */; };
		D6C863742768BAB4008095FB /* XYZButton_UIButton+badge.swift in Sources */ = {isa = PBXBuildFile; fileRef = D6C863722768BAB3008095FB /* XYZButton_UIButton+badge.swift */; };
		D6C92DFC22F9202C008E5A91 /* XYZAudio.swift in Sources */ = {isa = PBXBuildFile; fileRef = D6C92DFB22F9202C008E5A91 /* XYZAudio.swift */; };
		D6CBCEEF227173640033A91A /* XYZEnum.swift in Sources */ = {isa = PBXBuildFile; fileRef = D6CBCEEE227173640033A91A /* XYZEnum.swift */; };
		D6CC9DEB239789BA004F7EF4 /* XYZTabBarController.swift in Sources */ = {isa = PBXBuildFile; fileRef = D6CC9DEA239789BA004F7EF4 /* XYZTabBarController.swift */; };
		D6CC9DED239789CA004F7EF4 /* XYZNaviController.swift in Sources */ = {isa = PBXBuildFile; fileRef = D6CC9DEC239789CA004F7EF4 /* XYZNaviController.swift */; };
		D6D6455F2238888600A9BD1A /* XYZNumberAndString.swift in Sources */ = {isa = PBXBuildFile; fileRef = D6D6455E2238888600A9BD1A /* XYZNumberAndString.swift */; };
		D6D6456122388A8100A9BD1A /* XYZArrayAndDic.swift in Sources */ = {isa = PBXBuildFile; fileRef = D6D6456022388A8100A9BD1A /* XYZArrayAndDic.swift */; };
		D6D6456322388AAB00A9BD1A /* XYZWeb.swift in Sources */ = {isa = PBXBuildFile; fileRef = D6D6456222388AAB00A9BD1A /* XYZWeb.swift */; };
		D6D6456722388BB200A9BD1A /* XYZSpeech.swift in Sources */ = {isa = PBXBuildFile; fileRef = D6D6456622388BB200A9BD1A /* XYZSpeech.swift */; };
		D6D645692238C52400A9BD1A /* XYZDevice.swift in Sources */ = {isa = PBXBuildFile; fileRef = D6D645682238C52400A9BD1A /* XYZDevice.swift */; };
		D6D8F1C924B4140300AC9C5C /* XYZString_XYZMoney_Ex.swift in Sources */ = {isa = PBXBuildFile; fileRef = D6D8F1C824B4140300AC9C5C /* XYZString_XYZMoney_Ex.swift */; };
		D6DA25DB260EAD0400AB2290 /* XYZDataEncode.swift in Sources */ = {isa = PBXBuildFile; fileRef = D6DA25DA260EAD0400AB2290 /* XYZDataEncode.swift */; };
		D6EACA6323A099920060EB65 /* XYZDictionary.swift in Sources */ = {isa = PBXBuildFile; fileRef = D6EACA6223A099920060EB65 /* XYZDictionary.swift */; };
		D6EACA6523A09AAE0060EB65 /* XYZVolumizer.swift in Sources */ = {isa = PBXBuildFile; fileRef = D6EACA6423A09AAE0060EB65 /* XYZVolumizer.swift */; };
		D6F47BE322B1225700180CE6 /* XYZUTIs.swift in Sources */ = {isa = PBXBuildFile; fileRef = D6F47BE222B1225700180CE6 /* XYZUTIs.swift */; };
		D6FE29E925F6045B00653156 /* XYZScreenshot.swift in Sources */ = {isa = PBXBuildFile; fileRef = D6FE29E825F6045B00653156 /* XYZScreenshot.swift */; };
/* End PBXBuildFile section */

/* Begin PBXFileReference section */
		0BDAB1F9C6DF3317DB77E5A4 /* Pods_SoHow.framework */ = {isa = PBXFileReference; explicitFileType = wrapper.framework; includeInIndex = 0; path = Pods_SoHow.framework; sourceTree = BUILT_PRODUCTS_DIR; };
		D6116E8B230BC1D600962BCD /* WeakProxy.swift */ = {isa = PBXFileReference; fileEncoding = 4; lastKnownFileType = sourcecode.swift; path = WeakProxy.swift; sourceTree = "<group>"; };
		D619756622F9D5BF00A97B53 /* XYZButton.swift */ = {isa = PBXFileReference; lastKnownFileType = sourcecode.swift; path = XYZButton.swift; sourceTree = "<group>"; };
		D619756C22FA4D3200A97B53 /* XYZ3DTouch.swift */ = {isa = PBXFileReference; fileEncoding = 4; lastKnownFileType = sourcecode.swift; path = XYZ3DTouch.swift; sourceTree = "<group>"; };
		D621EB8224EA698400E304A4 /* XYZPermission.swift */ = {isa = PBXFileReference; lastKnownFileType = sourcecode.swift; path = XYZPermission.swift; sourceTree = "<group>"; };
		D62AFBDF217726890013974F /* SoHow.app */ = {isa = PBXFileReference; explicitFileType = wrapper.application; includeInIndex = 0; path = SoHow.app; sourceTree = BUILT_PRODUCTS_DIR; };
		D62AFBE2217726890013974F /* AppDelegate.swift */ = {isa = PBXFileReference; lastKnownFileType = sourcecode.swift; path = AppDelegate.swift; sourceTree = "<group>"; };
		D62AFBE4217726890013974F /* ViewController.swift */ = {isa = PBXFileReference; lastKnownFileType = sourcecode.swift; path = ViewController.swift; sourceTree = "<group>"; };
		D62AFBE7217726890013974F /* Base */ = {isa = PBXFileReference; lastKnownFileType = file.storyboard; name = Base; path = Base.lproj/Main.storyboard; sourceTree = "<group>"; };
		D62AFBE92177268A0013974F /* Assets.xcassets */ = {isa = PBXFileReference; lastKnownFileType = folder.assetcatalog; path = Assets.xcassets; sourceTree = "<group>"; };
		D62AFBEC2177268A0013974F /* Base */ = {isa = PBXFileReference; lastKnownFileType = file.storyboard; name = Base; path = Base.lproj/LaunchScreen.storyboard; sourceTree = "<group>"; };
		D62AFBEE2177268A0013974F /* SoHow-Info.plist */ = {isa = PBXFileReference; lastKnownFileType = text.plist.xml; path = "SoHow-Info.plist"; sourceTree = "<group>"; };
		D62AFBF4217726E90013974F /* YSZoomView.swift */ = {isa = PBXFileReference; fileEncoding = 4; lastKnownFileType = sourcecode.swift; path = YSZoomView.swift; sourceTree = "<group>"; };
		D62AFBF5217726EA0013974F /* XYZPath_UIImage_ImageHelper.swift */ = {isa = PBXFileReference; fileEncoding = 4; lastKnownFileType = sourcecode.swift; path = XYZPath_UIImage_ImageHelper.swift; sourceTree = "<group>"; };
		D62AFC00217726F50013974F /* README.md */ = {isa = PBXFileReference; fileEncoding = 4; lastKnownFileType = net.daringfireball.markdown; path = README.md; sourceTree = "<group>"; };
		D62AFC01217726F50013974F /* SoHow.podspec */ = {isa = PBXFileReference; fileEncoding = 4; lastKnownFileType = text; path = SoHow.podspec; sourceTree = "<group>"; };
		D62AFC02217726F50013974F /* LICENSE */ = {isa = PBXFileReference; fileEncoding = 4; lastKnownFileType = text; path = LICENSE; sourceTree = "<group>"; };
		D63C5A2E22B3B09D0064C34E /* XYZAirPrint.swift */ = {isa = PBXFileReference; lastKnownFileType = sourcecode.swift; path = XYZAirPrint.swift; sourceTree = "<group>"; };
		D653F36A21F6F30E00E6A990 /* XYZJump.swift */ = {isa = PBXFileReference; lastKnownFileType = sourcecode.swift; path = XYZJump.swift; sourceTree = "<group>"; };
		D653F36C21F70C1A00E6A990 /* UIDevice_Extension.swift */ = {isa = PBXFileReference; lastKnownFileType = sourcecode.swift; path = UIDevice_Extension.swift; sourceTree = "<group>"; };
		D653F36E21F711A200E6A990 /* XYZGCD.swift */ = {isa = PBXFileReference; lastKnownFileType = sourcecode.swift; path = XYZGCD.swift; sourceTree = "<group>"; };
		D653F37421F7175D00E6A990 /* XYZImageView.swift */ = {isa = PBXFileReference; lastKnownFileType = sourcecode.swift; path = XYZImageView.swift; sourceTree = "<group>"; };
		D658756D27FB1DF10095DEBE /* XYZString.swift */ = {isa = PBXFileReference; lastKnownFileType = sourcecode.swift; path = XYZString.swift; sourceTree = "<group>"; };
		D658756F27FB1E3E0095DEBE /* XYZActionSheet.swift */ = {isa = PBXFileReference; lastKnownFileType = sourcecode.swift; path = XYZActionSheet.swift; sourceTree = "<group>"; };
		D658757127FBC8240095DEBE /* XYZplayerHelper.swift */ = {isa = PBXFileReference; fileEncoding = 4; lastKnownFileType = sourcecode.swift; path = XYZplayerHelper.swift; sourceTree = "<group>"; };
		D65D7F6522390CCD00FC316E /* XYZTableView.swift */ = {isa = PBXFileReference; lastKnownFileType = sourcecode.swift; path = XYZTableView.swift; sourceTree = "<group>"; };
		D65D7F6D22390DE600FC316E /* XYZAlert.swift */ = {isa = PBXFileReference; lastKnownFileType = sourcecode.swift; path = XYZAlert.swift; sourceTree = "<group>"; };
		D66A8C3922A0960C00375126 /* XYZXib.swift */ = {isa = PBXFileReference; lastKnownFileType = sourcecode.swift; path = XYZXib.swift; sourceTree = "<group>"; };
		D6719CCD2751082F00994AFD /* XYZSegmentControl.swift */ = {isa = PBXFileReference; lastKnownFileType = sourcecode.swift; path = XYZSegmentControl.swift; sourceTree = "<group>"; };
		D6719CCF2751088100994AFD /* XYZTextView.swift */ = {isa = PBXFileReference; lastKnownFileType = sourcecode.swift; path = XYZTextView.swift; sourceTree = "<group>"; };
		D693A4FE23E7A9E000BB2031 /* XYZShadowKit.swift */ = {isa = PBXFileReference; fileEncoding = 4; lastKnownFileType = sourcecode.swift; path = XYZShadowKit.swift; sourceTree = "<group>"; };
		D693A50323E7AA7100BB2031 /* XYZWebView.swift */ = {isa = PBXFileReference; fileEncoding = 4; lastKnownFileType = sourcecode.swift; path = XYZWebView.swift; sourceTree = "<group>"; };
		D69407CD224C6F98009A2489 /* LearnX.swift */ = {isa = PBXFileReference; lastKnownFileType = sourcecode.swift; path = LearnX.swift; sourceTree = "<group>"; };
		D6947D4023A7B3C700EBDF12 /* XYZUILabel.swift */ = {isa = PBXFileReference; lastKnownFileType = sourcecode.swift; path = XYZUILabel.swift; sourceTree = "<group>"; };
		D6947D4523A7B5E300EBDF12 /* XYZNotification.swift */ = {isa = PBXFileReference; fileEncoding = 4; lastKnownFileType = sourcecode.swift; path = XYZNotification.swift; sourceTree = "<group>"; };
		D6947D4923A7B61B00EBDF12 /* XYZTVCell.swift */ = {isa = PBXFileReference; fileEncoding = 4; lastKnownFileType = sourcecode.swift; path = XYZTVCell.swift; sourceTree = "<group>"; };
		D69597322473BF1000856B24 /* XYZVCX_Extension.swift */ = {isa = PBXFileReference; fileEncoding = 4; lastKnownFileType = sourcecode.swift; path = XYZVCX_Extension.swift; sourceTree = "<group>"; };
		D69597362473C0F200856B24 /* XYZUIView.swift */ = {isa = PBXFileReference; fileEncoding = 4; lastKnownFileType = sourcecode.swift; path = XYZUIView.swift; sourceTree = "<group>"; };
		D695973B2473C19100856B24 /* DatePickerDialog.swift */ = {isa = PBXFileReference; fileEncoding = 4; lastKnownFileType = sourcecode.swift; path = DatePickerDialog.swift; sourceTree = "<group>"; };
		D695A164226EFBAA00871AAC /* XYZExample.swift */ = {isa = PBXFileReference; lastKnownFileType = sourcecode.swift; path = XYZExample.swift; sourceTree = "<group>"; };
		D6A02B3623E666ED00DEF883 /* XYZToCircle.swift */ = {isa = PBXFileReference; lastKnownFileType = sourcecode.swift; path = XYZToCircle.swift; sourceTree = "<group>"; };
		D6A1D3272282CBB7000F6C96 /* XYZLearn.swift */ = {isa = PBXFileReference; lastKnownFileType = sourcecode.swift; path = XYZLearn.swift; sourceTree = "<group>"; };
		D6B5AB732239138E00E01695 /* XYZPodX.swift */ = {isa = PBXFileReference; lastKnownFileType = sourcecode.swift; path = XYZPodX.swift; sourceTree = "<group>"; };
		D6BAA79828090453003D894B /* XYZUIImage.swift */ = {isa = PBXFileReference; lastKnownFileType = sourcecode.swift; path = XYZUIImage.swift; sourceTree = "<group>"; };
		D6BAA79A28090699003D894B /* XYZFileType.swift */ = {isa = PBXFileReference; lastKnownFileType = sourcecode.swift; path = XYZFileType.swift; sourceTree = "<group>"; };
		D6C863712768BAB3008095FB /* XYZButton_BadgeBarButtonItem.swift */ = {isa = PBXFileReference; fileEncoding = 4; lastKnownFileType = sourcecode.swift; path = XYZButton_BadgeBarButtonItem.swift; sourceTree = "<group>"; };
		D6C863722768BAB3008095FB /* XYZButton_UIButton+badge.swift */ = {isa = PBXFileReference; fileEncoding = 4; lastKnownFileType = sourcecode.swift; path = "XYZButton_UIButton+badge.swift"; sourceTree = "<group>"; };
		D6C92DFB22F9202C008E5A91 /* XYZAudio.swift */ = {isa = PBXFileReference; lastKnownFileType = sourcecode.swift; path = XYZAudio.swift; sourceTree = "<group>"; };
		D6CBCEEE227173640033A91A /* XYZEnum.swift */ = {isa = PBXFileReference; lastKnownFileType = sourcecode.swift; path = XYZEnum.swift; sourceTree = "<group>"; };
		D6CC9DEA239789BA004F7EF4 /* XYZTabBarController.swift */ = {isa = PBXFileReference; lastKnownFileType = sourcecode.swift; path = XYZTabBarController.swift; sourceTree = "<group>"; };
		D6CC9DEC239789CA004F7EF4 /* XYZNaviController.swift */ = {isa = PBXFileReference; lastKnownFileType = sourcecode.swift; path = XYZNaviController.swift; sourceTree = "<group>"; };
		D6D6455E2238888600A9BD1A /* XYZNumberAndString.swift */ = {isa = PBXFileReference; lastKnownFileType = sourcecode.swift; path = XYZNumberAndString.swift; sourceTree = "<group>"; };
		D6D6456022388A8100A9BD1A /* XYZArrayAndDic.swift */ = {isa = PBXFileReference; lastKnownFileType = sourcecode.swift; path = XYZArrayAndDic.swift; sourceTree = "<group>"; };
		D6D6456222388AAB00A9BD1A /* XYZWeb.swift */ = {isa = PBXFileReference; lastKnownFileType = sourcecode.swift; path = XYZWeb.swift; sourceTree = "<group>"; };
		D6D6456622388BB200A9BD1A /* XYZSpeech.swift */ = {isa = PBXFileReference; lastKnownFileType = sourcecode.swift; path = XYZSpeech.swift; sourceTree = "<group>"; };
		D6D645682238C52400A9BD1A /* XYZDevice.swift */ = {isa = PBXFileReference; lastKnownFileType = sourcecode.swift; path = XYZDevice.swift; sourceTree = "<group>"; };
		D6D8F1C824B4140300AC9C5C /* XYZString_XYZMoney_Ex.swift */ = {isa = PBXFileReference; lastKnownFileType = sourcecode.swift; path = XYZString_XYZMoney_Ex.swift; sourceTree = "<group>"; };
		D6DA25DA260EAD0400AB2290 /* XYZDataEncode.swift */ = {isa = PBXFileReference; lastKnownFileType = sourcecode.swift; path = XYZDataEncode.swift; sourceTree = "<group>"; };
		D6EACA6223A099920060EB65 /* XYZDictionary.swift */ = {isa = PBXFileReference; lastKnownFileType = sourcecode.swift; path = XYZDictionary.swift; sourceTree = "<group>"; };
		D6EACA6423A09AAE0060EB65 /* XYZVolumizer.swift */ = {isa = PBXFileReference; fileEncoding = 4; lastKnownFileType = sourcecode.swift; path = XYZVolumizer.swift; sourceTree = "<group>"; };
		D6F47BE222B1225700180CE6 /* XYZUTIs.swift */ = {isa = PBXFileReference; lastKnownFileType = sourcecode.swift; path = XYZUTIs.swift; sourceTree = "<group>"; };
		D6FE29E825F6045B00653156 /* XYZScreenshot.swift */ = {isa = PBXFileReference; lastKnownFileType = sourcecode.swift; path = XYZScreenshot.swift; sourceTree = "<group>"; };
		F93CCFDDAEC53230090D7990 /* Pods-SoHow.release.xcconfig */ = {isa = PBXFileReference; includeInIndex = 1; lastKnownFileType = text.xcconfig; name = "Pods-SoHow.release.xcconfig"; path = "Target Support Files/Pods-SoHow/Pods-SoHow.release.xcconfig"; sourceTree = "<group>"; };
		FC9E0A033FE4C6047F76B9C3 /* Pods-SoHow.debug.xcconfig */ = {isa = PBXFileReference; includeInIndex = 1; lastKnownFileType = text.xcconfig; name = "Pods-SoHow.debug.xcconfig"; path = "Target Support Files/Pods-SoHow/Pods-SoHow.debug.xcconfig"; sourceTree = "<group>"; };
/* End PBXFileReference section */

/* Begin PBXFrameworksBuildPhase section */
		D62AFBDC217726890013974F /* Frameworks */ = {
			isa = PBXFrameworksBuildPhase;
			buildActionMask = 2147483647;
			files = (
				095F28B74827EFA79BC6645F /* Pods_SoHow.framework in Frameworks */,
			);
			runOnlyForDeploymentPostprocessing = 0;
		};
/* End PBXFrameworksBuildPhase section */

/* Begin PBXGroup section */
		4B39EA3038FAED6E2D716138 /* Frameworks */ = {
			isa = PBXGroup;
			children = (
				0BDAB1F9C6DF3317DB77E5A4 /* Pods_SoHow.framework */,
			);
			name = Frameworks;
			sourceTree = "<group>";
		};
		ADF70A23CBFEDB02E0067911 /* Pods */ = {
			isa = PBXGroup;
			children = (
				FC9E0A033FE4C6047F76B9C3 /* Pods-SoHow.debug.xcconfig */,
				F93CCFDDAEC53230090D7990 /* Pods-SoHow.release.xcconfig */,
			);
			path = Pods;
			sourceTree = "<group>";
		};
		D62AFBD6217726890013974F = {
			isa = PBXGroup;
			children = (
				D62AFC02217726F50013974F /* LICENSE */,
				D62AFC00217726F50013974F /* README.md */,
				D62AFC01217726F50013974F /* SoHow.podspec */,
				D62AFBE1217726890013974F /* SoHow */,
				D62AFBE0217726890013974F /* Products */,
				ADF70A23CBFEDB02E0067911 /* Pods */,
				4B39EA3038FAED6E2D716138 /* Frameworks */,
			);
			sourceTree = "<group>";
		};
		D62AFBE0217726890013974F /* Products */ = {
			isa = PBXGroup;
			children = (
				D62AFBDF217726890013974F /* SoHow.app */,
			);
			name = Products;
			sourceTree = "<group>";
		};
		D62AFBE1217726890013974F /* SoHow */ = {
			isa = PBXGroup;
			children = (
				D62AFBE2217726890013974F /* AppDelegate.swift */,
				D62AFBE4217726890013974F /* ViewController.swift */,
				D6947CEA23A7A7BA00EBDF12 /* Never */,
				D6B63DEF21C7E7590087B44D /* Source */,
				D62AFBE6217726890013974F /* Main.storyboard */,
				D62AFBE92177268A0013974F /* Assets.xcassets */,
				D62AFBEB2177268A0013974F /* LaunchScreen.storyboard */,
				D62AFBEE2177268A0013974F /* SoHow-Info.plist */,
			);
			path = SoHow;
			sourceTree = "<group>";
		};
		D6947CEA23A7A7BA00EBDF12 /* Never */ = {
			isa = PBXGroup;
			children = (
				D62AFBF5217726EA0013974F /* XYZPath_UIImage_ImageHelper.swift */,
				D62AFBF4217726E90013974F /* YSZoomView.swift */,
				D6EACA6423A09AAE0060EB65 /* XYZVolumizer.swift */,
			);
			name = Never;
			path = Source;
			sourceTree = "<group>";
		};
		D6B63DEF21C7E7590087B44D /* Source */ = {
			isa = PBXGroup;
			children = (
				D695973B2473C19100856B24 /* DatePickerDialog.swift */,
				D69407CD224C6F98009A2489 /* LearnX.swift */,
				D653F36C21F70C1A00E6A990 /* UIDevice_Extension.swift */,
				D6116E8B230BC1D600962BCD /* WeakProxy.swift */,
				D619756C22FA4D3200A97B53 /* XYZ3DTouch.swift */,
				D63C5A2E22B3B09D0064C34E /* XYZAirPrint.swift */,
				D65D7F6D22390DE600FC316E /* XYZAlert.swift */,
				D6D6456022388A8100A9BD1A /* XYZArrayAndDic.swift */,
				D6C92DFB22F9202C008E5A91 /* XYZAudio.swift */,
				D6C863712768BAB3008095FB /* XYZButton_BadgeBarButtonItem.swift */,
				D6C863722768BAB3008095FB /* XYZButton_UIButton+badge.swift */,
				D619756622F9D5BF00A97B53 /* XYZButton.swift */,
				D6DA25DA260EAD0400AB2290 /* XYZDataEncode.swift */,
				D6D645682238C52400A9BD1A /* XYZDevice.swift */,
				D6EACA6223A099920060EB65 /* XYZDictionary.swift */,
				D6CBCEEE227173640033A91A /* XYZEnum.swift */,
				D695A164226EFBAA00871AAC /* XYZExample.swift */,
				D653F36E21F711A200E6A990 /* XYZGCD.swift */,
				D653F37421F7175D00E6A990 /* XYZImageView.swift */,
				D653F36A21F6F30E00E6A990 /* XYZJump.swift */,
				D6A1D3272282CBB7000F6C96 /* XYZLearn.swift */,
				D6CC9DEC239789CA004F7EF4 /* XYZNaviController.swift */,
				D6947D4523A7B5E300EBDF12 /* XYZNotification.swift */,
				D6D6455E2238888600A9BD1A /* XYZNumberAndString.swift */,
				D621EB8224EA698400E304A4 /* XYZPermission.swift */,
				D6B5AB732239138E00E01695 /* XYZPodX.swift */,
				D6FE29E825F6045B00653156 /* XYZScreenshot.swift */,
				D6719CCD2751082F00994AFD /* XYZSegmentControl.swift */,
				D693A4FE23E7A9E000BB2031 /* XYZShadowKit.swift */,
				D6D6456622388BB200A9BD1A /* XYZSpeech.swift */,
				D6D8F1C824B4140300AC9C5C /* XYZString_XYZMoney_Ex.swift */,
				D6CC9DEA239789BA004F7EF4 /* XYZTabBarController.swift */,
				D65D7F6522390CCD00FC316E /* XYZTableView.swift */,
				D6719CCF2751088100994AFD /* XYZTextView.swift */,
				D6A02B3623E666ED00DEF883 /* XYZToCircle.swift */,
				D6947D4923A7B61B00EBDF12 /* XYZTVCell.swift */,
				D6947D4023A7B3C700EBDF12 /* XYZUILabel.swift */,
				D69597362473C0F200856B24 /* XYZUIView.swift */,
				D6BAA79828090453003D894B /* XYZUIImage.swift */,
				D6F47BE222B1225700180CE6 /* XYZUTIs.swift */,
				D69597322473BF1000856B24 /* XYZVCX_Extension.swift */,
				D6D6456222388AAB00A9BD1A /* XYZWeb.swift */,
				D693A50323E7AA7100BB2031 /* XYZWebView.swift */,
				D66A8C3922A0960C00375126 /* XYZXib.swift */,
				D658756D27FB1DF10095DEBE /* XYZString.swift */,
				D658756F27FB1E3E0095DEBE /* XYZActionSheet.swift */,
				D658757127FBC8240095DEBE /* XYZplayerHelper.swift */,
				D6BAA79A28090699003D894B /* XYZFileType.swift */,
			);
			path = Source;
			sourceTree = "<group>";
		};
/* End PBXGroup section */

/* Begin PBXNativeTarget section */
		D62AFBDE217726890013974F /* SoHow */ = {
			isa = PBXNativeTarget;
			buildConfigurationList = D62AFBF12177268A0013974F /* Build configuration list for PBXNativeTarget "SoHow" */;
			buildPhases = (
				05DD95B18EA4CC48429A28AA /* [CP] Check Pods Manifest.lock */,
				D62AFBDB217726890013974F /* Sources */,
				D62AFBDC217726890013974F /* Frameworks */,
				D62AFBDD217726890013974F /* Resources */,
			);
			buildRules = (
			);
			dependencies = (
			);
			name = SoHow;
			productName = SoHow;
			productReference = D62AFBDF217726890013974F /* SoHow.app */;
			productType = "com.apple.product-type.application";
		};
/* End PBXNativeTarget section */

/* Begin PBXProject section */
		D62AFBD7217726890013974F /* Project object */ = {
			isa = PBXProject;
			attributes = {
				LastSwiftUpdateCheck = 1000;
				LastUpgradeCheck = 1230;
				ORGANIZATIONNAME = "张子豪";
				TargetAttributes = {
					D62AFBDE217726890013974F = {
						CreatedOnToolsVersion = 10.0;
						LastSwiftMigration = 1020;
					};
				};
			};
			buildConfigurationList = D62AFBDA217726890013974F /* Build configuration list for PBXProject "SoHow" */;
			compatibilityVersion = "Xcode 9.3";
			developmentRegion = en;
			hasScannedForEncodings = 0;
			knownRegions = (
				en,
				Base,
			);
			mainGroup = D62AFBD6217726890013974F;
			productRefGroup = D62AFBE0217726890013974F /* Products */;
			projectDirPath = "";
			projectRoot = "";
			targets = (
				D62AFBDE217726890013974F /* SoHow */,
			);
		};
/* End PBXProject section */

/* Begin PBXResourcesBuildPhase section */
		D62AFBDD217726890013974F /* Resources */ = {
			isa = PBXResourcesBuildPhase;
			buildActionMask = 2147483647;
			files = (
				D62AFC05217726F50013974F /* LICENSE in Resources */,
				D62AFBED2177268A0013974F /* LaunchScreen.storyboard in Resources */,
				D62AFBEA2177268A0013974F /* Assets.xcassets in Resources */,
				D62AFC04217726F50013974F /* SoHow.podspec in Resources */,
				D62AFC03217726F50013974F /* README.md in Resources */,
				D62AFBE8217726890013974F /* Main.storyboard in Resources */,
			);
			runOnlyForDeploymentPostprocessing = 0;
		};
/* End PBXResourcesBuildPhase section */

/* Begin PBXShellScriptBuildPhase section */
		05DD95B18EA4CC48429A28AA /* [CP] Check Pods Manifest.lock */ = {
			isa = PBXShellScriptBuildPhase;
			buildActionMask = 2147483647;
			files = (
			);
			inputFileListPaths = (
			);
			inputPaths = (
				"${PODS_PODFILE_DIR_PATH}/Podfile.lock",
				"${PODS_ROOT}/Manifest.lock",
			);
			name = "[CP] Check Pods Manifest.lock";
			outputFileListPaths = (
			);
			outputPaths = (
				"$(DERIVED_FILE_DIR)/Pods-SoHow-checkManifestLockResult.txt",
			);
			runOnlyForDeploymentPostprocessing = 0;
			shellPath = /bin/sh;
			shellScript = "diff \"${PODS_PODFILE_DIR_PATH}/Podfile.lock\" \"${PODS_ROOT}/Manifest.lock\" > /dev/null\nif [ $? != 0 ] ; then\n    # print error to STDERR\n    echo \"error: The sandbox is not in sync with the Podfile.lock. Run 'pod install' or update your CocoaPods installation.\" >&2\n    exit 1\nfi\n# This output is used by Xcode 'outputs' to avoid re-running this script phase.\necho \"SUCCESS\" > \"${SCRIPT_OUTPUT_FILE_0}\"\n";
			showEnvVarsInLog = 0;
		};
/* End PBXShellScriptBuildPhase section */

/* Begin PBXSourcesBuildPhase section */
		D62AFBDB217726890013974F /* Sources */ = {
			isa = PBXSourcesBuildPhase;
			buildActionMask = 2147483647;
			files = (
				D69597332473BF1000856B24 /* XYZVCX_Extension.swift in Sources */,
				D6A02B3723E666ED00DEF883 /* XYZToCircle.swift in Sources */,
				D6EACA6323A099920060EB65 /* XYZDictionary.swift in Sources */,
				D6FE29E925F6045B00653156 /* XYZScreenshot.swift in Sources */,
				D65D7F6E22390DE600FC316E /* XYZAlert.swift in Sources */,
				D653F36F21F711A200E6A990 /* XYZGCD.swift in Sources */,
				D6947D4123A7B3C700EBDF12 /* XYZUILabel.swift in Sources */,
				D6CC9DEB239789BA004F7EF4 /* XYZTabBarController.swift in Sources */,
				D619756D22FA4D3200A97B53 /* XYZ3DTouch.swift in Sources */,
				D6D6456322388AAB00A9BD1A /* XYZWeb.swift in Sources */,
				D66A8C3A22A0960C00375126 /* XYZXib.swift in Sources */,
				D621EB8324EA698400E304A4 /* XYZPermission.swift in Sources */,
				D69407CE224C6F98009A2489 /* LearnX.swift in Sources */,
				D6C863732768BAB4008095FB /* XYZButton_BadgeBarButtonItem.swift in Sources */,
				D6B5AB742239138E00E01695 /* XYZPodX.swift in Sources */,
				D619756722F9D5BF00A97B53 /* XYZButton.swift in Sources */,
				D6CBCEEF227173640033A91A /* XYZEnum.swift in Sources */,
				D658757227FBC8240095DEBE /* XYZplayerHelper.swift in Sources */,
				D6D8F1C924B4140300AC9C5C /* XYZString_XYZMoney_Ex.swift in Sources */,
				D6C92DFC22F9202C008E5A91 /* XYZAudio.swift in Sources */,
				D65D7F6622390CCD00FC316E /* XYZTableView.swift in Sources */,
				D6F47BE322B1225700180CE6 /* XYZUTIs.swift in Sources */,
				D658757027FB1E3E0095DEBE /* XYZActionSheet.swift in Sources */,
				D6CC9DED239789CA004F7EF4 /* XYZNaviController.swift in Sources */,
				D6947D4A23A7B61B00EBDF12 /* XYZTVCell.swift in Sources */,
				D6C863742768BAB4008095FB /* XYZButton_UIButton+badge.swift in Sources */,
				D653F36D21F70C1A00E6A990 /* UIDevice_Extension.swift in Sources */,
				D6719CD02751088100994AFD /* XYZTextView.swift in Sources */,
				D6D6456122388A8100A9BD1A /* XYZArrayAndDic.swift in Sources */,
				D6D6455F2238888600A9BD1A /* XYZNumberAndString.swift in Sources */,
				D62AFBFA217726EB0013974F /* YSZoomView.swift in Sources */,
				D6116E8C230BC1D600962BCD /* WeakProxy.swift in Sources */,
				D6947D4623A7B5E400EBDF12 /* XYZNotification.swift in Sources */,
				D63C5A2F22B3B09D0064C34E /* XYZAirPrint.swift in Sources */,
				D6BAA79B28090699003D894B /* XYZFileType.swift in Sources */,
				D6A1D3282282CBB7000F6C96 /* XYZLearn.swift in Sources */,
				D695A165226EFBAA00871AAC /* XYZExample.swift in Sources */,
				D62AFBE5217726890013974F /* ViewController.swift in Sources */,
				D695973C2473C19100856B24 /* DatePickerDialog.swift in Sources */,
				D653F37521F7175D00E6A990 /* XYZImageView.swift in Sources */,
				D653F36B21F6F30E00E6A990 /* XYZJump.swift in Sources */,
				D6D645692238C52400A9BD1A /* XYZDevice.swift in Sources */,
				D62AFBE3217726890013974F /* AppDelegate.swift in Sources */,
				D6DA25DB260EAD0400AB2290 /* XYZDataEncode.swift in Sources */,
				D6BAA79928090453003D894B /* XYZUIImage.swift in Sources */,
				D693A4FF23E7A9E000BB2031 /* XYZShadowKit.swift in Sources */,
				D6D6456722388BB200A9BD1A /* XYZSpeech.swift in Sources */,
				D62AFBFB217726EB0013974F /* XYZPath_UIImage_ImageHelper.swift in Sources */,
				D6EACA6523A09AAE0060EB65 /* XYZVolumizer.swift in Sources */,
				D658756E27FB1DF10095DEBE /* XYZString.swift in Sources */,
				D69597372473C0F300856B24 /* XYZUIView.swift in Sources */,
				D693A50423E7AA7100BB2031 /* XYZWebView.swift in Sources */,
				D6719CCE2751082F00994AFD /* XYZSegmentControl.swift in Sources */,
			);
			runOnlyForDeploymentPostprocessing = 0;
		};
/* End PBXSourcesBuildPhase section */

/* Begin PBXVariantGroup section */
		D62AFBE6217726890013974F /* Main.storyboard */ = {
			isa = PBXVariantGroup;
			children = (
				D62AFBE7217726890013974F /* Base */,
			);
			name = Main.storyboard;
			sourceTree = "<group>";
		};
		D62AFBEB2177268A0013974F /* LaunchScreen.storyboard */ = {
			isa = PBXVariantGroup;
			children = (
				D62AFBEC2177268A0013974F /* Base */,
			);
			name = LaunchScreen.storyboard;
			sourceTree = "<group>";
		};
/* End PBXVariantGroup section */

/* Begin XCBuildConfiguration section */
		D62AFBEF2177268A0013974F /* Debug */ = {
			isa = XCBuildConfiguration;
			buildSettings = {
				ALWAYS_SEARCH_USER_PATHS = NO;
				CLANG_ANALYZER_NONNULL = YES;
				CLANG_ANALYZER_NUMBER_OBJECT_CONVERSION = YES_AGGRESSIVE;
				CLANG_CXX_LANGUAGE_STANDARD = "gnu++14";
				CLANG_CXX_LIBRARY = "libc++";
				CLANG_ENABLE_MODULES = YES;
				CLANG_ENABLE_OBJC_ARC = YES;
				CLANG_ENABLE_OBJC_WEAK = YES;
				CLANG_WARN_BLOCK_CAPTURE_AUTORELEASING = YES;
				CLANG_WARN_BOOL_CONVERSION = YES;
				CLANG_WARN_COMMA = YES;
				CLANG_WARN_CONSTANT_CONVERSION = YES;
				CLANG_WARN_DEPRECATED_OBJC_IMPLEMENTATIONS = YES;
				CLANG_WARN_DIRECT_OBJC_ISA_USAGE = YES_ERROR;
				CLANG_WARN_DOCUMENTATION_COMMENTS = YES;
				CLANG_WARN_EMPTY_BODY = YES;
				CLANG_WARN_ENUM_CONVERSION = YES;
				CLANG_WARN_INFINITE_RECURSION = YES;
				CLANG_WARN_INT_CONVERSION = YES;
				CLANG_WARN_NON_LITERAL_NULL_CONVERSION = YES;
				CLANG_WARN_OBJC_IMPLICIT_RETAIN_SELF = YES;
				CLANG_WARN_OBJC_LITERAL_CONVERSION = YES;
				CLANG_WARN_OBJC_ROOT_CLASS = YES_ERROR;
				CLANG_WARN_QUOTED_INCLUDE_IN_FRAMEWORK_HEADER = YES;
				CLANG_WARN_RANGE_LOOP_ANALYSIS = YES;
				CLANG_WARN_STRICT_PROTOTYPES = YES;
				CLANG_WARN_SUSPICIOUS_MOVE = YES;
				CLANG_WARN_UNGUARDED_AVAILABILITY = YES_AGGRESSIVE;
				CLANG_WARN_UNREACHABLE_CODE = YES;
				CLANG_WARN__DUPLICATE_METHOD_MATCH = YES;
				CODE_SIGN_IDENTITY = "iPhone Developer";
				COPY_PHASE_STRIP = NO;
				DEBUG_INFORMATION_FORMAT = dwarf;
				ENABLE_STRICT_OBJC_MSGSEND = YES;
				ENABLE_TESTABILITY = YES;
				GCC_C_LANGUAGE_STANDARD = gnu11;
				GCC_DYNAMIC_NO_PIC = NO;
				GCC_NO_COMMON_BLOCKS = YES;
				GCC_OPTIMIZATION_LEVEL = 0;
				GCC_PREPROCESSOR_DEFINITIONS = (
					"DEBUG=1",
					"$(inherited)",
				);
				GCC_WARN_64_TO_32_BIT_CONVERSION = YES;
				GCC_WARN_ABOUT_RETURN_TYPE = YES_ERROR;
				GCC_WARN_UNDECLARED_SELECTOR = YES;
				GCC_WARN_UNINITIALIZED_AUTOS = YES_AGGRESSIVE;
				GCC_WARN_UNUSED_FUNCTION = YES;
				GCC_WARN_UNUSED_VARIABLE = YES;
				IPHONEOS_DEPLOYMENT_TARGET = 13.0;
				MTL_ENABLE_DEBUG_INFO = INCLUDE_SOURCE;
				MTL_FAST_MATH = YES;
				ONLY_ACTIVE_ARCH = YES;
				SDKROOT = iphoneos;
				SWIFT_ACTIVE_COMPILATION_CONDITIONS = DEBUG;
				SWIFT_OPTIMIZATION_LEVEL = "-Onone";
			};
			name = Debug;
		};
		D62AFBF02177268A0013974F /* Release */ = {
			isa = XCBuildConfiguration;
			buildSettings = {
				ALWAYS_SEARCH_USER_PATHS = NO;
				CLANG_ANALYZER_NONNULL = YES;
				CLANG_ANALYZER_NUMBER_OBJECT_CONVERSION = YES_AGGRESSIVE;
				CLANG_CXX_LANGUAGE_STANDARD = "gnu++14";
				CLANG_CXX_LIBRARY = "libc++";
				CLANG_ENABLE_MODULES = YES;
				CLANG_ENABLE_OBJC_ARC = YES;
				CLANG_ENABLE_OBJC_WEAK = YES;
				CLANG_WARN_BLOCK_CAPTURE_AUTORELEASING = YES;
				CLANG_WARN_BOOL_CONVERSION = YES;
				CLANG_WARN_COMMA = YES;
				CLANG_WARN_CONSTANT_CONVERSION = YES;
				CLANG_WARN_DEPRECATED_OBJC_IMPLEMENTATIONS = YES;
				CLANG_WARN_DIRECT_OBJC_ISA_USAGE = YES_ERROR;
				CLANG_WARN_DOCUMENTATION_COMMENTS = YES;
				CLANG_WARN_EMPTY_BODY = YES;
				CLANG_WARN_ENUM_CONVERSION = YES;
				CLANG_WARN_INFINITE_RECURSION = YES;
				CLANG_WARN_INT_CONVERSION = YES;
				CLANG_WARN_NON_LITERAL_NULL_CONVERSION = YES;
				CLANG_WARN_OBJC_IMPLICIT_RETAIN_SELF = YES;
				CLANG_WARN_OBJC_LITERAL_CONVERSION = YES;
				CLANG_WARN_OBJC_ROOT_CLASS = YES_ERROR;
				CLANG_WARN_QUOTED_INCLUDE_IN_FRAMEWORK_HEADER = YES;
				CLANG_WARN_RANGE_LOOP_ANALYSIS = YES;
				CLANG_WARN_STRICT_PROTOTYPES = YES;
				CLANG_WARN_SUSPICIOUS_MOVE = YES;
				CLANG_WARN_UNGUARDED_AVAILABILITY = YES_AGGRESSIVE;
				CLANG_WARN_UNREACHABLE_CODE = YES;
				CLANG_WARN__DUPLICATE_METHOD_MATCH = YES;
				CODE_SIGN_IDENTITY = "iPhone Developer";
				COPY_PHASE_STRIP = NO;
				DEBUG_INFORMATION_FORMAT = "dwarf-with-dsym";
				ENABLE_NS_ASSERTIONS = NO;
				ENABLE_STRICT_OBJC_MSGSEND = YES;
				GCC_C_LANGUAGE_STANDARD = gnu11;
				GCC_NO_COMMON_BLOCKS = YES;
				GCC_WARN_64_TO_32_BIT_CONVERSION = YES;
				GCC_WARN_ABOUT_RETURN_TYPE = YES_ERROR;
				GCC_WARN_UNDECLARED_SELECTOR = YES;
				GCC_WARN_UNINITIALIZED_AUTOS = YES_AGGRESSIVE;
				GCC_WARN_UNUSED_FUNCTION = YES;
				GCC_WARN_UNUSED_VARIABLE = YES;
				IPHONEOS_DEPLOYMENT_TARGET = 13.0;
				MTL_ENABLE_DEBUG_INFO = NO;
				MTL_FAST_MATH = YES;
				SDKROOT = iphoneos;
				SWIFT_COMPILATION_MODE = wholemodule;
				SWIFT_OPTIMIZATION_LEVEL = "-O";
				VALIDATE_PRODUCT = YES;
			};
			name = Release;
		};
		D62AFBF22177268A0013974F /* Debug */ = {
			isa = XCBuildConfiguration;
			baseConfigurationReference = FC9E0A033FE4C6047F76B9C3 /* Pods-SoHow.debug.xcconfig */;
			buildSettings = {
				ASSETCATALOG_COMPILER_APPICON_NAME = AppIcon;
				CODE_SIGN_STYLE = Automatic;
				DEVELOPMENT_TEAM = 9GZYHL8TWB;
				INFOPLIST_FILE = "$(SRCROOT)/SoHow/SoHow-Info.plist";
				IPHONEOS_DEPLOYMENT_TARGET = 13.0;
				LD_RUNPATH_SEARCH_PATHS = (
					"$(inherited)",
					"@executable_path/Frameworks",
				);
				PRODUCT_BUNDLE_IDENTIFIER = com.xytech.SoHow;
				PRODUCT_NAME = "$(TARGET_NAME)";
				SWIFT_VERSION = 5.0;
				TARGETED_DEVICE_FAMILY = "1,2";
			};
			name = Debug;
		};
		D62AFBF32177268A0013974F /* Release */ = {
			isa = XCBuildConfiguration;
			baseConfigurationReference = F93CCFDDAEC53230090D7990 /* Pods-SoHow.release.xcconfig */;
			buildSettings = {
				ASSETCATALOG_COMPILER_APPICON_NAME = AppIcon;
				CODE_SIGN_STYLE = Automatic;
				DEVELOPMENT_TEAM = 9GZYHL8TWB;
				INFOPLIST_FILE = "$(SRCROOT)/SoHow/SoHow-Info.plist";
				IPHONEOS_DEPLOYMENT_TARGET = 13.0;
				LD_RUNPATH_SEARCH_PATHS = (
					"$(inherited)",
					"@executable_path/Frameworks",
				);
				PRODUCT_BUNDLE_IDENTIFIER = com.xytech.SoHow;
				PRODUCT_NAME = "$(TARGET_NAME)";
				SWIFT_VERSION = 5.0;
				TARGETED_DEVICE_FAMILY = "1,2";
			};
			name = Release;
		};
/* End XCBuildConfiguration section */

/* Begin XCConfigurationList section */
		D62AFBDA217726890013974F /* Build configuration list for PBXProject "SoHow" */ = {
			isa = XCConfigurationList;
			buildConfigurations = (
				D62AFBEF2177268A0013974F /* Debug */,
				D62AFBF02177268A0013974F /* Release */,
			);
			defaultConfigurationIsVisible = 0;
			defaultConfigurationName = Release;
		};
		D62AFBF12177268A0013974F /* Build configuration list for PBXNativeTarget "SoHow" */ = {
			isa = XCConfigurationList;
			buildConfigurations = (
				D62AFBF22177268A0013974F /* Debug */,
				D62AFBF32177268A0013974F /* Release */,
			);
			defaultConfigurationIsVisible = 0;
			defaultConfigurationName = Release;
		};
/* End XCConfigurationList section */
	};
	rootObject = D62AFBD7217726890013974F /* Project object */;
}
