// !$*UTF8*$!
{
	archiveVersion = 1;
	classes = {
	};
	objectVersion = 48;
	objects = {

/* Begin PBXBuildFile section */
		D60A399A1FEE3AD100B7C558 /* YSZoomView.swift in Sources */ = {isa = PBXBuildFile; fileRef = D60A39991FEE3AD100B7C558 /* YSZoomView.swift */; };
		D637DDCB1FDFCBBC002E5208 /* BriefFunctionSwift.swift in Sources */ = {isa = PBXBuildFile; fileRef = D637DDCA1FDFCBBC002E5208 /* BriefFunctionSwift.swift */; };
		D666106B1FEE34AB00834E7C /* ImageVIewExtension.swift in Sources */ = {isa = PBXBuildFile; fileRef = D666106A1FEE34AB00834E7C /* ImageVIewExtension.swift */; };
		D666106D1FEE34AF00834E7C /* ImageHelper.swift in Sources */ = {isa = PBXBuildFile; fileRef = D666106C1FEE34AF00834E7C /* ImageHelper.swift */; };
		D67758E11FEA4B27008F6076 /* 用户名和用户数组.swift in Sources */ = {isa = PBXBuildFile; fileRef = D67758E01FEA4B27008F6076 /* 用户名和用户数组.swift */; };
		D679C7581FDF7EFA0095B08C /* SoHow.podspec in Resources */ = {isa = PBXBuildFile; fileRef = D679C7571FDF7EFA0095B08C /* SoHow.podspec */; };
		D679C75A1FDF80590095B08C /* LICENSE in Resources */ = {isa = PBXBuildFile; fileRef = D679C7591FDF80590095B08C /* LICENSE */; };
		D679C75C1FDF805C0095B08C /* README.md in Resources */ = {isa = PBXBuildFile; fileRef = D679C75B1FDF805C0095B08C /* README.md */; };
		D6B1AAC41FDEBBF30007CB03 /* AppDelegate.swift in Sources */ = {isa = PBXBuildFile; fileRef = D6B1AAC31FDEBBF30007CB03 /* AppDelegate.swift */; };
		D6B1AAC61FDEBBF30007CB03 /* ViewController.swift in Sources */ = {isa = PBXBuildFile; fileRef = D6B1AAC51FDEBBF30007CB03 /* ViewController.swift */; };
		D6B1AAC91FDEBBF30007CB03 /* Main.storyboard in Resources */ = {isa = PBXBuildFile; fileRef = D6B1AAC71FDEBBF30007CB03 /* Main.storyboard */; };
		D6B1AACB1FDEBBF30007CB03 /* Assets.xcassets in Resources */ = {isa = PBXBuildFile; fileRef = D6B1AACA1FDEBBF30007CB03 /* Assets.xcassets */; };
		D6B1AACE1FDEBBF30007CB03 /* LaunchScreen.storyboard in Resources */ = {isa = PBXBuildFile; fileRef = D6B1AACC1FDEBBF30007CB03 /* LaunchScreen.storyboard */; };
/* End PBXBuildFile section */

/* Begin PBXFileReference section */
		D60A39991FEE3AD100B7C558 /* YSZoomView.swift */ = {isa = PBXFileReference; fileEncoding = 4; lastKnownFileType = sourcecode.swift; path = YSZoomView.swift; sourceTree = "<group>"; };
		D637DDCA1FDFCBBC002E5208 /* BriefFunctionSwift.swift */ = {isa = PBXFileReference; lastKnownFileType = sourcecode.swift; path = BriefFunctionSwift.swift; sourceTree = "<group>"; };
		D666106A1FEE34AB00834E7C /* ImageVIewExtension.swift */ = {isa = PBXFileReference; fileEncoding = 4; lastKnownFileType = sourcecode.swift; path = ImageVIewExtension.swift; sourceTree = "<group>"; };
		D666106C1FEE34AF00834E7C /* ImageHelper.swift */ = {isa = PBXFileReference; fileEncoding = 4; lastKnownFileType = sourcecode.swift; path = ImageHelper.swift; sourceTree = "<group>"; };
		D67758E01FEA4B27008F6076 /* 用户名和用户数组.swift */ = {isa = PBXFileReference; lastKnownFileType = sourcecode.swift; path = "用户名和用户数组.swift"; sourceTree = "<group>"; };
		D679C7571FDF7EFA0095B08C /* SoHow.podspec */ = {isa = PBXFileReference; fileEncoding = 4; lastKnownFileType = text; path = SoHow.podspec; sourceTree = "<group>"; };
		D679C7591FDF80590095B08C /* LICENSE */ = {isa = PBXFileReference; fileEncoding = 4; lastKnownFileType = text; path = LICENSE; sourceTree = "<group>"; };
		D679C75B1FDF805C0095B08C /* README.md */ = {isa = PBXFileReference; fileEncoding = 4; lastKnownFileType = net.daringfireball.markdown; path = README.md; sourceTree = "<group>"; };
		D6B1AAC01FDEBBF30007CB03 /* SoHow.app */ = {isa = PBXFileReference; explicitFileType = wrapper.application; includeInIndex = 0; path = SoHow.app; sourceTree = BUILT_PRODUCTS_DIR; };
		D6B1AAC31FDEBBF30007CB03 /* AppDelegate.swift */ = {isa = PBXFileReference; lastKnownFileType = sourcecode.swift; path = AppDelegate.swift; sourceTree = "<group>"; };
		D6B1AAC51FDEBBF30007CB03 /* ViewController.swift */ = {isa = PBXFileReference; lastKnownFileType = sourcecode.swift; path = ViewController.swift; sourceTree = "<group>"; };
		D6B1AAC81FDEBBF30007CB03 /* Base */ = {isa = PBXFileReference; lastKnownFileType = file.storyboard; name = Base; path = Base.lproj/Main.storyboard; sourceTree = "<group>"; };
		D6B1AACA1FDEBBF30007CB03 /* Assets.xcassets */ = {isa = PBXFileReference; lastKnownFileType = folder.assetcatalog; path = Assets.xcassets; sourceTree = "<group>"; };
		D6B1AACD1FDEBBF30007CB03 /* Base */ = {isa = PBXFileReference; lastKnownFileType = file.storyboard; name = Base; path = Base.lproj/LaunchScreen.storyboard; sourceTree = "<group>"; };
		D6B1AACF1FDEBBF30007CB03 /* Info.plist */ = {isa = PBXFileReference; lastKnownFileType = text.plist.xml; path = Info.plist; sourceTree = "<group>"; };
/* End PBXFileReference section */

/* Begin PBXFrameworksBuildPhase section */
		D6B1AABD1FDEBBF30007CB03 /* Frameworks */ = {
			isa = PBXFrameworksBuildPhase;
			buildActionMask = 2147483647;
			files = (
			);
			runOnlyForDeploymentPostprocessing = 0;
		};
/* End PBXFrameworksBuildPhase section */

/* Begin PBXGroup section */
		D60A399B1FEE3AD400B7C558 /* 双指开合放大照片 */ = {
			isa = PBXGroup;
			children = (
				D60A39991FEE3AD100B7C558 /* YSZoomView.swift */,
			);
			name = "双指开合放大照片";
			sourceTree = "<group>";
		};
		D66610691FEE349300834E7C /* 对于图片的处理库ImageHelper */ = {
			isa = PBXGroup;
			children = (
				D666106C1FEE34AF00834E7C /* ImageHelper.swift */,
				D666106A1FEE34AB00834E7C /* ImageVIewExtension.swift */,
			);
			path = "对于图片的处理库ImageHelper";
			sourceTree = "<group>";
		};
		D6B1AAB71FDEBBF30007CB03 = {
			isa = PBXGroup;
			children = (
				D679C7571FDF7EFA0095B08C /* SoHow.podspec */,
				D679C7591FDF80590095B08C /* LICENSE */,
				D679C75B1FDF805C0095B08C /* README.md */,
				D6B1AAC21FDEBBF30007CB03 /* SoHow */,
				D6B1AAC11FDEBBF30007CB03 /* Products */,
			);
			sourceTree = "<group>";
		};
		D6B1AAC11FDEBBF30007CB03 /* Products */ = {
			isa = PBXGroup;
			children = (
				D6B1AAC01FDEBBF30007CB03 /* SoHow.app */,
			);
			name = Products;
			sourceTree = "<group>";
		};
		D6B1AAC21FDEBBF30007CB03 /* SoHow */ = {
			isa = PBXGroup;
			children = (
				D60A399B1FEE3AD400B7C558 /* 双指开合放大照片 */,
				D66610691FEE349300834E7C /* 对于图片的处理库ImageHelper */,
				D6B1AAC31FDEBBF30007CB03 /* AppDelegate.swift */,
				D6B1AAC51FDEBBF30007CB03 /* ViewController.swift */,
				D6B1AAC71FDEBBF30007CB03 /* Main.storyboard */,
				D6B1AACA1FDEBBF30007CB03 /* Assets.xcassets */,
				D6B1AACC1FDEBBF30007CB03 /* LaunchScreen.storyboard */,
				D6B1AACF1FDEBBF30007CB03 /* Info.plist */,
				D637DDCA1FDFCBBC002E5208 /* BriefFunctionSwift.swift */,
				D67758E01FEA4B27008F6076 /* 用户名和用户数组.swift */,
			);
			path = SoHow;
			sourceTree = "<group>";
		};
/* End PBXGroup section */

/* Begin PBXNativeTarget section */
		D6B1AABF1FDEBBF30007CB03 /* SoHow */ = {
			isa = PBXNativeTarget;
			buildConfigurationList = D6B1AAD21FDEBBF30007CB03 /* Build configuration list for PBXNativeTarget "SoHow" */;
			buildPhases = (
				D6B1AABC1FDEBBF30007CB03 /* Sources */,
				D6B1AABD1FDEBBF30007CB03 /* Frameworks */,
				D6B1AABE1FDEBBF30007CB03 /* Resources */,
			);
			buildRules = (
			);
			dependencies = (
			);
			name = SoHow;
			productName = SoHow;
			productReference = D6B1AAC01FDEBBF30007CB03 /* SoHow.app */;
			productType = "com.apple.product-type.application";
		};
/* End PBXNativeTarget section */

/* Begin PBXProject section */
		D6B1AAB81FDEBBF30007CB03 /* Project object */ = {
			isa = PBXProject;
			attributes = {
				LastSwiftUpdateCheck = 0920;
				LastUpgradeCheck = 0920;
				ORGANIZATIONNAME = "张子豪";
				TargetAttributes = {
					D6B1AABF1FDEBBF30007CB03 = {
						CreatedOnToolsVersion = 9.2;
						ProvisioningStyle = Automatic;
					};
				};
			};
			buildConfigurationList = D6B1AABB1FDEBBF30007CB03 /* Build configuration list for PBXProject "SoHow" */;
			compatibilityVersion = "Xcode 8.0";
			developmentRegion = en;
			hasScannedForEncodings = 0;
			knownRegions = (
				en,
				Base,
			);
			mainGroup = D6B1AAB71FDEBBF30007CB03;
			productRefGroup = D6B1AAC11FDEBBF30007CB03 /* Products */;
			projectDirPath = "";
			projectRoot = "";
			targets = (
				D6B1AABF1FDEBBF30007CB03 /* SoHow */,
			);
		};
/* End PBXProject section */

/* Begin PBXResourcesBuildPhase section */
		D6B1AABE1FDEBBF30007CB03 /* Resources */ = {
			isa = PBXResourcesBuildPhase;
			buildActionMask = 2147483647;
			files = (
				D679C75C1FDF805C0095B08C /* README.md in Resources */,
				D6B1AACE1FDEBBF30007CB03 /* LaunchScreen.storyboard in Resources */,
				D679C7581FDF7EFA0095B08C /* SoHow.podspec in Resources */,
				D6B1AACB1FDEBBF30007CB03 /* Assets.xcassets in Resources */,
				D6B1AAC91FDEBBF30007CB03 /* Main.storyboard in Resources */,
				D679C75A1FDF80590095B08C /* LICENSE in Resources */,
			);
			runOnlyForDeploymentPostprocessing = 0;
		};
/* End PBXResourcesBuildPhase section */

/* Begin PBXSourcesBuildPhase section */
		D6B1AABC1FDEBBF30007CB03 /* Sources */ = {
			isa = PBXSourcesBuildPhase;
			buildActionMask = 2147483647;
			files = (
				D666106B1FEE34AB00834E7C /* ImageVIewExtension.swift in Sources */,
				D67758E11FEA4B27008F6076 /* 用户名和用户数组.swift in Sources */,
				D6B1AAC61FDEBBF30007CB03 /* ViewController.swift in Sources */,
				D6B1AAC41FDEBBF30007CB03 /* AppDelegate.swift in Sources */,
				D637DDCB1FDFCBBC002E5208 /* BriefFunctionSwift.swift in Sources */,
				D60A399A1FEE3AD100B7C558 /* YSZoomView.swift in Sources */,
				D666106D1FEE34AF00834E7C /* ImageHelper.swift in Sources */,
			);
			runOnlyForDeploymentPostprocessing = 0;
		};
/* End PBXSourcesBuildPhase section */

/* Begin PBXVariantGroup section */
		D6B1AAC71FDEBBF30007CB03 /* Main.storyboard */ = {
			isa = PBXVariantGroup;
			children = (
				D6B1AAC81FDEBBF30007CB03 /* Base */,
			);
			name = Main.storyboard;
			sourceTree = "<group>";
		};
		D6B1AACC1FDEBBF30007CB03 /* LaunchScreen.storyboard */ = {
			isa = PBXVariantGroup;
			children = (
				D6B1AACD1FDEBBF30007CB03 /* Base */,
			);
			name = LaunchScreen.storyboard;
			sourceTree = "<group>";
		};
/* End PBXVariantGroup section */

/* Begin XCBuildConfiguration section */
		D6B1AAD01FDEBBF30007CB03 /* Debug */ = {
			isa = XCBuildConfiguration;
			buildSettings = {
				ALWAYS_SEARCH_USER_PATHS = NO;
				CLANG_ANALYZER_NONNULL = YES;
				CLANG_ANALYZER_NUMBER_OBJECT_CONVERSION = YES_AGGRESSIVE;
				CLANG_CXX_LANGUAGE_STANDARD = "gnu++14";
				CLANG_CXX_LIBRARY = "libc++";
				CLANG_ENABLE_MODULES = YES;
				CLANG_ENABLE_OBJC_ARC = YES;
				CLANG_WARN_BLOCK_CAPTURE_AUTORELEASING = YES;
				CLANG_WARN_BOOL_CONVERSION = YES;
				CLANG_WARN_COMMA = YES;
				CLANG_WARN_CONSTANT_CONVERSION = YES;
				CLANG_WARN_DIRECT_OBJC_ISA_USAGE = YES_ERROR;
				CLANG_WARN_DOCUMENTATION_COMMENTS = YES;
				CLANG_WARN_EMPTY_BODY = YES;
				CLANG_WARN_ENUM_CONVERSION = YES;
				CLANG_WARN_INFINITE_RECURSION = YES;
				CLANG_WARN_INT_CONVERSION = YES;
				CLANG_WARN_NON_LITERAL_NULL_CONVERSION = YES;
				CLANG_WARN_OBJC_LITERAL_CONVERSION = YES;
				CLANG_WARN_OBJC_ROOT_CLASS = YES_ERROR;
				CLANG_WARN_RANGE_LOOP_ANALYSIS = YES;
				CLANG_WARN_STRICT_PROTOTYPES = YES;
				CLANG_WARN_SUSPICIOUS_MOVE = YES;
				CLANG_WARN_UNGUARDED_AVAILABILITY = YES_AGGRESSIVE;
				CLANG_WARN_UNREACHABLE_CODE = YES;
				CLANG_WARN__DUPLICATE_METHOD_MATCH = YES;
				CODE_SIGN_IDENTITY = "iPhone Developer";
				COPY_PHASE_STRIP = NO;
				DEBUG_INFORMATION_FORMAT = dwarf;
				ENABLE_STRICT_OBJC_MSGSEND = YES;
				ENABLE_TESTABILITY = YES;
				GCC_C_LANGUAGE_STANDARD = gnu11;
				GCC_DYNAMIC_NO_PIC = NO;
				GCC_NO_COMMON_BLOCKS = YES;
				GCC_OPTIMIZATION_LEVEL = 0;
				GCC_PREPROCESSOR_DEFINITIONS = (
					"DEBUG=1",
					"$(inherited)",
				);
				GCC_WARN_64_TO_32_BIT_CONVERSION = YES;
				GCC_WARN_ABOUT_RETURN_TYPE = YES_ERROR;
				GCC_WARN_UNDECLARED_SELECTOR = YES;
				GCC_WARN_UNINITIALIZED_AUTOS = YES_AGGRESSIVE;
				GCC_WARN_UNUSED_FUNCTION = YES;
				GCC_WARN_UNUSED_VARIABLE = YES;
				IPHONEOS_DEPLOYMENT_TARGET = 11.2;
				MTL_ENABLE_DEBUG_INFO = YES;
				ONLY_ACTIVE_ARCH = YES;
				SDKROOT = iphoneos;
				SWIFT_ACTIVE_COMPILATION_CONDITIONS = DEBUG;
				SWIFT_OPTIMIZATION_LEVEL = "-Onone";
			};
			name = Debug;
		};
		D6B1AAD11FDEBBF30007CB03 /* Release */ = {
			isa = XCBuildConfiguration;
			buildSettings = {
				ALWAYS_SEARCH_USER_PATHS = NO;
				CLANG_ANALYZER_NONNULL = YES;
				CLANG_ANALYZER_NUMBER_OBJECT_CONVERSION = YES_AGGRESSIVE;
				CLANG_CXX_LANGUAGE_STANDARD = "gnu++14";
				CLANG_CXX_LIBRARY = "libc++";
				CLANG_ENABLE_MODULES = YES;
				CLANG_ENABLE_OBJC_ARC = YES;
				CLANG_WARN_BLOCK_CAPTURE_AUTORELEASING = YES;
				CLANG_WARN_BOOL_CONVERSION = YES;
				CLANG_WARN_COMMA = YES;
				CLANG_WARN_CONSTANT_CONVERSION = YES;
				CLANG_WARN_DIRECT_OBJC_ISA_USAGE = YES_ERROR;
				CLANG_WARN_DOCUMENTATION_COMMENTS = YES;
				CLANG_WARN_EMPTY_BODY = YES;
				CLANG_WARN_ENUM_CONVERSION = YES;
				CLANG_WARN_INFINITE_RECURSION = YES;
				CLANG_WARN_INT_CONVERSION = YES;
				CLANG_WARN_NON_LITERAL_NULL_CONVERSION = YES;
				CLANG_WARN_OBJC_LITERAL_CONVERSION = YES;
				CLANG_WARN_OBJC_ROOT_CLASS = YES_ERROR;
				CLANG_WARN_RANGE_LOOP_ANALYSIS = YES;
				CLANG_WARN_STRICT_PROTOTYPES = YES;
				CLANG_WARN_SUSPICIOUS_MOVE = YES;
				CLANG_WARN_UNGUARDED_AVAILABILITY = YES_AGGRESSIVE;
				CLANG_WARN_UNREACHABLE_CODE = YES;
				CLANG_WARN__DUPLICATE_METHOD_MATCH = YES;
				CODE_SIGN_IDENTITY = "iPhone Developer";
				COPY_PHASE_STRIP = NO;
				DEBUG_INFORMATION_FORMAT = "dwarf-with-dsym";
				ENABLE_NS_ASSERTIONS = NO;
				ENABLE_STRICT_OBJC_MSGSEND = YES;
				GCC_C_LANGUAGE_STANDARD = gnu11;
				GCC_NO_COMMON_BLOCKS = YES;
				GCC_WARN_64_TO_32_BIT_CONVERSION = YES;
				GCC_WARN_ABOUT_RETURN_TYPE = YES_ERROR;
				GCC_WARN_UNDECLARED_SELECTOR = YES;
				GCC_WARN_UNINITIALIZED_AUTOS = YES_AGGRESSIVE;
				GCC_WARN_UNUSED_FUNCTION = YES;
				GCC_WARN_UNUSED_VARIABLE = YES;
				IPHONEOS_DEPLOYMENT_TARGET = 11.2;
				MTL_ENABLE_DEBUG_INFO = NO;
				SDKROOT = iphoneos;
				SWIFT_OPTIMIZATION_LEVEL = "-Owholemodule";
				VALIDATE_PRODUCT = YES;
			};
			name = Release;
		};
		D6B1AAD31FDEBBF30007CB03 /* Debug */ = {
			isa = XCBuildConfiguration;
			buildSettings = {
				ASSETCATALOG_COMPILER_APPICON_NAME = AppIcon;
				CODE_SIGN_STYLE = Automatic;
				DEVELOPMENT_TEAM = E5VG453CHM;
				INFOPLIST_FILE = SoHow/Info.plist;
				LD_RUNPATH_SEARCH_PATHS = "$(inherited) @executable_path/Frameworks";
				PRODUCT_BUNDLE_IDENTIFIER = com.zhangqian.SoHow;
				PRODUCT_NAME = "$(TARGET_NAME)";
				SWIFT_VERSION = 4.0;
				TARGETED_DEVICE_FAMILY = "1,2";
			};
			name = Debug;
		};
		D6B1AAD41FDEBBF30007CB03 /* Release */ = {
			isa = XCBuildConfiguration;
			buildSettings = {
				ASSETCATALOG_COMPILER_APPICON_NAME = AppIcon;
				CODE_SIGN_STYLE = Automatic;
				DEVELOPMENT_TEAM = E5VG453CHM;
				INFOPLIST_FILE = SoHow/Info.plist;
				LD_RUNPATH_SEARCH_PATHS = "$(inherited) @executable_path/Frameworks";
				PRODUCT_BUNDLE_IDENTIFIER = com.zhangqian.SoHow;
				PRODUCT_NAME = "$(TARGET_NAME)";
				SWIFT_VERSION = 4.0;
				TARGETED_DEVICE_FAMILY = "1,2";
			};
			name = Release;
		};
/* End XCBuildConfiguration section */

/* Begin XCConfigurationList section */
		D6B1AABB1FDEBBF30007CB03 /* Build configuration list for PBXProject "SoHow" */ = {
			isa = XCConfigurationList;
			buildConfigurations = (
				D6B1AAD01FDEBBF30007CB03 /* Debug */,
				D6B1AAD11FDEBBF30007CB03 /* Release */,
			);
			defaultConfigurationIsVisible = 0;
			defaultConfigurationName = Release;
		};
		D6B1AAD21FDEBBF30007CB03 /* Build configuration list for PBXNativeTarget "SoHow" */ = {
			isa = XCConfigurationList;
			buildConfigurations = (
				D6B1AAD31FDEBBF30007CB03 /* Debug */,
				D6B1AAD41FDEBBF30007CB03 /* Release */,
			);
			defaultConfigurationIsVisible = 0;
			defaultConfigurationName = Release;
		};
/* End XCConfigurationList section */
	};
	rootObject = D6B1AAB81FDEBBF30007CB03 /* Project object */;
}
